
Microsoft Visual Studio Solution File, Format Version 12.00
# Visual Studio Version 16
VisualStudioVersion = 16.0.30104.148
MinimumVisualStudioVersion = 10.0.40219.1
Project("{FAE04EC0-301F-11D3-BF4B-00C04F79EFBC}") = "DataMangaer", "DataMangaer\DataMangaer.csproj", "{0BE11138-2F82-409A-B03B-B15BAE7596BC}"
EndProject
Global
	GlobalSection(SolutionConfigurationPlatforms) = preSolution
		Debug|Any CPU = Debug|Any CPU
		Release|Any CPU = Release|Any CPU
	EndGlobalSection
	GlobalSection(ProjectConfigurationPlatforms) = postSolution
		{0BE11138-2F82-409A-B03B-B15BAE7596BC}.Debug|Any CPU.ActiveCfg = Debug|Any CPU
		{0BE11138-2F82-409A-B03B-B15BAE7596BC}.Debug|Any CPU.Build.0 = Debug|Any CPU
		{0BE11138-2F82-409A-B03B-B15BAE7596BC}.Release|Any CPU.ActiveCfg = Release|Any CPU
		{0BE11138-2F82-409A-B03B-B15BAE7596BC}.Release|Any CPU.Build.0 = Release|Any CPU
	EndGlobalSection
	GlobalSection(SolutionProperties) = preSolution
		HideSolutionNode = FALSE
	EndGlobalSection
	GlobalSection(ExtensibilityGlobals) = postSolution
		SolutionGuid = {84C2ED02-F481-4B0F-A85C-91F1AD12A760}
	EndGlobalSection
EndGlobal
