
Microsoft Visual Studio Solution File, Format Version 12.00
# Visual Studio Version 16
VisualStudioVersion = 16.0.29326.143
MinimumVisualStudioVersion = 10.0.40219.1
Project("{FAE04EC0-301F-11D3-BF4B-00C04F79EFBC}") = "Sace_People", "Sace_People\Sace_People.csproj", "{E5BFA246-51C0-4752-AE72-61027554F24C}"
EndProject
Project("{FAE04EC0-301F-11D3-BF4B-00C04F79EFBC}") = "UseDebuger", "UseDebuger\UseDebuger.csproj", "{7F9546CA-4BEB-456E-A84A-24056040A3B9}"
EndProject
Project("{FAE04EC0-301F-11D3-BF4B-00C04F79EFBC}") = "Exercises(for,if,etc)", "Exercises(for,if,etc)\Exercises(for,if,etc).csproj", "{DDC90CC0-4607-4A1D-9C57-BBE4AC9DC1CF}"
EndProject
Project("{FAE04EC0-301F-11D3-BF4B-00C04F79EFBC}") = "MagnesWithCode(exercise)", "MagnesWithCode(exercise)\MagnesWithCode(exercise).csproj", "{9230DA7B-21D2-4F2C-ABE5-EFE4A9EC5BFB}"
EndProject
Project("{9A19103F-16F7-4668-BE54-9A1E7A4F7556}") = "WpfApp(Exercises)", "WpfApp(Exercises)\WpfApp(Exercises).csproj", "{A3134BB9-480B-4B7C-B0BC-E58AD5F5B204}"
EndProject
Project("{FAE04EC0-301F-11D3-BF4B-00C04F79EFBC}") = "WindowsFormsApp(Exercises)", "WindowsFormsApp1\WindowsFormsApp(Exercises).csproj", "{68277DC4-FC10-44DB-9C5E-3E3C86A172F6}"
EndProject
Project("{FAE04EC0-301F-11D3-BF4B-00C04F79EFBC}") = "Elephant", "Elephant\Elephant.csproj", "{D737C226-8136-4083-816A-405BB6FDD909}"
EndProject
Project("{FAE04EC0-301F-11D3-BF4B-00C04F79EFBC}") = "Build_House", "Build_House\Build_House.csproj", "{915212EA-BF67-4A43-8BA1-AA3090C30440}"
EndProject
Project("{FAE04EC0-301F-11D3-BF4B-00C04F79EFBC}") = "Dictoniary", "Dictoniary\Dictoniary.csproj", "{D618B26A-E208-4905-B28F-1BBB5BFCAFB6}"
EndProject
Project("{FAE04EC0-301F-11D3-BF4B-00C04F79EFBC}") = "DistanceCalculator", "DistanceCalculator\DistanceCalculator.csproj", "{1336EDA9-9E57-44B7-A489-0D8C8B741277}"
EndProject
Project("{FAE04EC0-301F-11D3-BF4B-00C04F79EFBC}") = "Enum", "Enum\Enum.csproj", "{11DC8ECF-77CD-4CC0-92EC-B9014B4744BB}"
EndProject
Project("{FAE04EC0-301F-11D3-BF4B-00C04F79EFBC}") = "ExerciseWIthButtons", "ExerciseWIthButtons\ExerciseWIthButtons.csproj", "{5AC41FAF-201D-4448-A9CE-87AEE595D568}"
EndProject
Project("{FAE04EC0-301F-11D3-BF4B-00C04F79EFBC}") = "Farmer", "Farmer\Farmer.csproj", "{2B179EF9-8D19-4877-8065-5A950CE7A10B}"
EndProject
Project("{FAE04EC0-301F-11D3-BF4B-00C04F79EFBC}") = "GoFishing", "GoFishing\GoFishing.csproj", "{A61333D2-49CA-4B9B-877A-F5EB88FC52F8}"
EndProject
Project("{FAE04EC0-301F-11D3-BF4B-00C04F79EFBC}") = "HiveManagement", "HiveManagement\HiveManagement.csproj", "{ADB03522-803C-40C2-AAEF-48D8F0862762}"
EndProject
Project("{FAE04EC0-301F-11D3-BF4B-00C04F79EFBC}") = "Inheritance", "Inheritance\Inheritance.csproj", "{1BB34973-7FA9-44EC-B8DF-A7FB3D1CB8CB}"
EndProject
Project("{FAE04EC0-301F-11D3-BF4B-00C04F79EFBC}") = "InheritanceV2", "InheritanceV2\InheritanceV2.csproj", "{BEE922B6-7DBB-482A-B68C-504727E7DA60}"
EndProject
Project("{FAE04EC0-301F-11D3-BF4B-00C04F79EFBC}") = "Interfaces", "Interfaces\Interfaces.csproj", "{9DD1C8EC-A1E1-4A38-98F1-7468E1D456C0}"
EndProject
Project("{FAE04EC0-301F-11D3-BF4B-00C04F79EFBC}") = "Interfaces(exercises)", "Interfaces(exercises)\Interfaces(exercises).csproj", "{B058D165-7378-4187-B6EA-5D4A3D894D91}"
EndProject
Project("{FAE04EC0-301F-11D3-BF4B-00C04F79EFBC}") = "Lab1", "Lab1\Lab1.csproj", "{844B5D98-B309-473D-AE52-E1DCCFFC8B85}"
EndProject
Project("{FAE04EC0-301F-11D3-BF4B-00C04F79EFBC}") = "ListOfDucks", "ListOfDucks\ListOfDucks.csproj", "{70792E39-67C7-414C-BE73-03F390D679FF}"
EndProject
Project("{FAE04EC0-301F-11D3-BF4B-00C04F79EFBC}") = "Lists", "Lists\Lists.csproj", "{9A7D5C28-1B54-4A49-B29D-DBD22BDD8FCB}"
EndProject
Project("{FAE04EC0-301F-11D3-BF4B-00C04F79EFBC}") = "MagnesWithCodeV2", "MagnesWithCodeV2\MagnesWithCodeV2.csproj", "{F61C11FE-6BF8-4B54-8609-B9F3A8750A53}"
EndProject
Project("{FAE04EC0-301F-11D3-BF4B-00C04F79EFBC}") = "Menu", "Menu\Menu.csproj", "{3D95F937-D33F-4924-9614-214F5DA52193}"
EndProject
Project("{FAE04EC0-301F-11D3-BF4B-00C04F79EFBC}") = "PartyCosts", "PartyCosts\PartyCosts.csproj", "{BF022716-5776-485D-A5CE-D3B9AB51C2F5}"
EndProject
Project("{FAE04EC0-301F-11D3-BF4B-00C04F79EFBC}") = "PartyCosts_Inheritance", "PartyCosts_Inheritance\PartyCosts_Inheritance.csproj", "{2ADF24E8-1F5C-479E-9E51-7D92450F803C}"
EndProject
Project("{FAE04EC0-301F-11D3-BF4B-00C04F79EFBC}") = "TwoDecks", "TwoDecks\TwoDecks.csproj", "{33423ADC-AB74-4234-B25C-C35E17FC8C7E}"
EndProject
Project("{FAE04EC0-301F-11D3-BF4B-00C04F79EFBC}") = "StackAndQueue", "StackAndQueue\StackAndQueue.csproj", "{C61DA5F8-B260-48B8-8F66-AC04CB31D545}"
EndProject
Project("{FAE04EC0-301F-11D3-BF4B-00C04F79EFBC}") = "RandomSetOfCards", "RandomSetOfCards\RandomSetOfCards.csproj", "{AD78C7BD-E49B-41B6-8960-E8CF7356ECB7}"
EndProject
Project("{FAE04EC0-301F-11D3-BF4B-00C04F79EFBC}") = "PlaysLetters", "PlaysLetters\PlaysLetters.csproj", "{2586F92D-44F1-403E-8132-21F421D1E2EE}"
EndProject
Project("{FAE04EC0-301F-11D3-BF4B-00C04F79EFBC}") = "LumberJack", "LumberJack\LumberJack.csproj", "{7A84FFA7-2804-4521-BDCB-8AF405B45269}"
EndProject
Project("{FAE04EC0-301F-11D3-BF4B-00C04F79EFBC}") = "Stream (exercise)", "Stream (exercise)\Stream (exercise).csproj", "{9970BDBF-7F11-4F0F-AE19-51B4D3D4B513}"
EndProject
Project("{FAE04EC0-301F-11D3-BF4B-00C04F79EFBC}") = "WindowDialogs", "WindowDialogs\WindowDialogs.csproj", "{D4ED290B-C000-46BD-8A37-3E6A09185451}"
EndProject
Project("{FAE04EC0-301F-11D3-BF4B-00C04F79EFBC}") = "excuses", "excuses\excuses.csproj", "{E5DFA501-3EC4-4AAA-BC43-8CECB70F8234}"
EndProject
Project("{FAE04EC0-301F-11D3-BF4B-00C04F79EFBC}") = "Serialization(JoeAndBob)", "Serialization(JoeAndBob)\Serialization(JoeAndBob).csproj", "{F33720A7-ECCA-4D6C-866A-CC89C6859A12}"
EndProject
Project("{FAE04EC0-301F-11D3-BF4B-00C04F79EFBC}") = "Unicode(Exercises)", "Unicode(Exercises)\Unicode(Exercises).csproj", "{51432C47-C689-4BE0-94C9-6EE900C10F30}"
EndProject
Project("{FAE04EC0-301F-11D3-BF4B-00C04F79EFBC}") = "SaveBinaryDate", "SaveBinaryDate\SaveBinaryDate.csproj", "{79A4AE9F-C3EA-448F-9437-433AB1DF7A8C}"
EndProject
Project("{FAE04EC0-301F-11D3-BF4B-00C04F79EFBC}") = "SaveBinaryDatee", "SaveBinaryDatee\SaveBinaryDatee.csproj", "{B62688F8-2061-43F9-AE1B-0567F6EEF51C}"
EndProject
Project("{FAE04EC0-301F-11D3-BF4B-00C04F79EFBC}") = "hexdumper", "hexdumper\hexdumper.csproj", "{E92E5D56-FA1C-445A-B810-D91795C1EC2C}"
EndProject
Project("{FAE04EC0-301F-11D3-BF4B-00C04F79EFBC}") = "Expedition", "..\..\..\..\Desktop\thequestlab\sourceCode\thequestlab\The Quest\Expedition.csproj", "{BD2C9A42-F66B-4A00-8FA7-0049B73599E2}"
EndProject
Project("{FAE04EC0-301F-11D3-BF4B-00C04F79EFBC}") = "GoFishingv2(XAML)", "GoFishingv2(XAML)\GoFishingv2(XAML).csproj", "{6AD29ADB-434D-4DD8-B5D5-C02FBDFE94E8}"
EndProject
Project("{FAE04EC0-301F-11D3-BF4B-00C04F79EFBC}") = "HiveManagement(XAML)", "HiveManagement(XAML)\HiveManagement(XAML).csproj", "{5D13AE59-7357-40FF-B166-0F1872074469}"
EndProject
Project("{FAE04EC0-301F-11D3-BF4B-00C04F79EFBC}") = "Lumberjack(XAML)", "Lumberjack(XAML)\Lumberjack(XAML).csproj", "{CB001627-1AC5-4224-B662-60A82694A813}"
EndProject
Project("{9A19103F-16F7-4668-BE54-9A1E7A4F7556}") = "DayOfTheWeekApp", "DayOfTheWeekApp\DayOfTheWeekApp.csproj", "{BF013259-9668-41C6-9888-8152630D4C00}"
EndProject
Project("{9A19103F-16F7-4668-BE54-9A1E7A4F7556}") = "DayOfTheWeekApp.Core", "DayOfTheWeekApp.Core\DayOfTheWeekApp.Core.csproj", "{87942213-F650-409B-BAAB-83CAB0BCFDF2}"
EndProject
Project("{FAE04EC0-301F-11D3-BF4B-00C04F79EFBC}") = "messyJanek(XAML)", "messyJanek(XAML)\messyJanek(XAML).csproj", "{0D77EE56-E90D-4C0A-BF75-70A0B4F60BBB}"
EndProject
Project("{FAE04EC0-301F-11D3-BF4B-00C04F79EFBC}") = "Await_Async", "Await_Async\Await_Async.csproj", "{A250B10F-0EE2-4F75-8775-F81F293B5B9D}"
EndProject
Project("{FAE04EC0-301F-11D3-BF4B-00C04F79EFBC}") = "WPFUserInterface", "..\..\..\..\Desktop\WPFUserInterface\WPFUserInterface.csproj", "{14FE9A43-1A16-4CC4-9EF5-8F0E22EBB8C0}"
EndProject
Project("{FAE04EC0-301F-11D3-BF4B-00C04F79EFBC}") = "ObjectSerialization", "ObjectSerialization\ObjectSerialization.csproj", "{CF270E5A-0959-4287-A28E-22CB9DECC263}"
EndProject
Project("{FAE04EC0-301F-11D3-BF4B-00C04F79EFBC}") = "ExcuseManager", "ExcuseManager\ExcuseManager.csproj", "{4AE318ED-1137-4EB1-92C2-2EADA84964F2}"
EndProject
Project("{FAE04EC0-301F-11D3-BF4B-00C04F79EFBC}") = "MagnesWithExepction", "MagnesWithExepction\MagnesWithExepction.csproj", "{1B0FBC66-6D0E-4F18-8C0E-BA016D4BC9B1}"
EndProject
Global
	GlobalSection(SolutionConfigurationPlatforms) = preSolution
		Debug|Any CPU = Debug|Any CPU
		Debug|ARM = Debug|ARM
		Debug|ARM64 = Debug|ARM64
		Debug|x64 = Debug|x64
		Debug|x86 = Debug|x86
		Release|Any CPU = Release|Any CPU
		Release|ARM = Release|ARM
		Release|ARM64 = Release|ARM64
		Release|x64 = Release|x64
		Release|x86 = Release|x86
	EndGlobalSection
	GlobalSection(ProjectConfigurationPlatforms) = postSolution
		{E5BFA246-51C0-4752-AE72-61027554F24C}.Debug|Any CPU.ActiveCfg = Debug|x86
		{E5BFA246-51C0-4752-AE72-61027554F24C}.Debug|ARM.ActiveCfg = Debug|ARM
		{E5BFA246-51C0-4752-AE72-61027554F24C}.Debug|ARM.Build.0 = Debug|ARM
		{E5BFA246-51C0-4752-AE72-61027554F24C}.Debug|ARM.Deploy.0 = Debug|ARM
		{E5BFA246-51C0-4752-AE72-61027554F24C}.Debug|ARM64.ActiveCfg = Debug|ARM64
		{E5BFA246-51C0-4752-AE72-61027554F24C}.Debug|ARM64.Build.0 = Debug|ARM64
		{E5BFA246-51C0-4752-AE72-61027554F24C}.Debug|ARM64.Deploy.0 = Debug|ARM64
		{E5BFA246-51C0-4752-AE72-61027554F24C}.Debug|x64.ActiveCfg = Debug|x64
		{E5BFA246-51C0-4752-AE72-61027554F24C}.Debug|x64.Build.0 = Debug|x64
		{E5BFA246-51C0-4752-AE72-61027554F24C}.Debug|x64.Deploy.0 = Debug|x64
		{E5BFA246-51C0-4752-AE72-61027554F24C}.Debug|x86.ActiveCfg = Debug|x86
		{E5BFA246-51C0-4752-AE72-61027554F24C}.Debug|x86.Build.0 = Debug|x86
		{E5BFA246-51C0-4752-AE72-61027554F24C}.Debug|x86.Deploy.0 = Debug|x86
		{E5BFA246-51C0-4752-AE72-61027554F24C}.Release|Any CPU.ActiveCfg = Release|x86
		{E5BFA246-51C0-4752-AE72-61027554F24C}.Release|ARM.ActiveCfg = Release|ARM
		{E5BFA246-51C0-4752-AE72-61027554F24C}.Release|ARM.Build.0 = Release|ARM
		{E5BFA246-51C0-4752-AE72-61027554F24C}.Release|ARM.Deploy.0 = Release|ARM
		{E5BFA246-51C0-4752-AE72-61027554F24C}.Release|ARM64.ActiveCfg = Release|ARM64
		{E5BFA246-51C0-4752-AE72-61027554F24C}.Release|ARM64.Build.0 = Release|ARM64
		{E5BFA246-51C0-4752-AE72-61027554F24C}.Release|ARM64.Deploy.0 = Release|ARM64
		{E5BFA246-51C0-4752-AE72-61027554F24C}.Release|x64.ActiveCfg = Release|x64
		{E5BFA246-51C0-4752-AE72-61027554F24C}.Release|x64.Build.0 = Release|x64
		{E5BFA246-51C0-4752-AE72-61027554F24C}.Release|x64.Deploy.0 = Release|x64
		{E5BFA246-51C0-4752-AE72-61027554F24C}.Release|x86.ActiveCfg = Release|x86
		{E5BFA246-51C0-4752-AE72-61027554F24C}.Release|x86.Build.0 = Release|x86
		{E5BFA246-51C0-4752-AE72-61027554F24C}.Release|x86.Deploy.0 = Release|x86
		{7F9546CA-4BEB-456E-A84A-24056040A3B9}.Debug|Any CPU.ActiveCfg = Debug|x86
		{7F9546CA-4BEB-456E-A84A-24056040A3B9}.Debug|ARM.ActiveCfg = Debug|ARM
		{7F9546CA-4BEB-456E-A84A-24056040A3B9}.Debug|ARM.Build.0 = Debug|ARM
		{7F9546CA-4BEB-456E-A84A-24056040A3B9}.Debug|ARM.Deploy.0 = Debug|ARM
		{7F9546CA-4BEB-456E-A84A-24056040A3B9}.Debug|ARM64.ActiveCfg = Debug|ARM64
		{7F9546CA-4BEB-456E-A84A-24056040A3B9}.Debug|ARM64.Build.0 = Debug|ARM64
		{7F9546CA-4BEB-456E-A84A-24056040A3B9}.Debug|ARM64.Deploy.0 = Debug|ARM64
		{7F9546CA-4BEB-456E-A84A-24056040A3B9}.Debug|x64.ActiveCfg = Debug|x64
		{7F9546CA-4BEB-456E-A84A-24056040A3B9}.Debug|x64.Build.0 = Debug|x64
		{7F9546CA-4BEB-456E-A84A-24056040A3B9}.Debug|x64.Deploy.0 = Debug|x64
		{7F9546CA-4BEB-456E-A84A-24056040A3B9}.Debug|x86.ActiveCfg = Debug|x86
		{7F9546CA-4BEB-456E-A84A-24056040A3B9}.Debug|x86.Build.0 = Debug|x86
		{7F9546CA-4BEB-456E-A84A-24056040A3B9}.Debug|x86.Deploy.0 = Debug|x86
		{7F9546CA-4BEB-456E-A84A-24056040A3B9}.Release|Any CPU.ActiveCfg = Release|x86
		{7F9546CA-4BEB-456E-A84A-24056040A3B9}.Release|ARM.ActiveCfg = Release|ARM
		{7F9546CA-4BEB-456E-A84A-24056040A3B9}.Release|ARM.Build.0 = Release|ARM
		{7F9546CA-4BEB-456E-A84A-24056040A3B9}.Release|ARM.Deploy.0 = Release|ARM
		{7F9546CA-4BEB-456E-A84A-24056040A3B9}.Release|ARM64.ActiveCfg = Release|ARM64
		{7F9546CA-4BEB-456E-A84A-24056040A3B9}.Release|ARM64.Build.0 = Release|ARM64
		{7F9546CA-4BEB-456E-A84A-24056040A3B9}.Release|ARM64.Deploy.0 = Release|ARM64
		{7F9546CA-4BEB-456E-A84A-24056040A3B9}.Release|x64.ActiveCfg = Release|x64
		{7F9546CA-4BEB-456E-A84A-24056040A3B9}.Release|x64.Build.0 = Release|x64
		{7F9546CA-4BEB-456E-A84A-24056040A3B9}.Release|x64.Deploy.0 = Release|x64
		{7F9546CA-4BEB-456E-A84A-24056040A3B9}.Release|x86.ActiveCfg = Release|x86
		{7F9546CA-4BEB-456E-A84A-24056040A3B9}.Release|x86.Build.0 = Release|x86
		{7F9546CA-4BEB-456E-A84A-24056040A3B9}.Release|x86.Deploy.0 = Release|x86
		{DDC90CC0-4607-4A1D-9C57-BBE4AC9DC1CF}.Debug|Any CPU.ActiveCfg = Debug|x86
		{DDC90CC0-4607-4A1D-9C57-BBE4AC9DC1CF}.Debug|ARM.ActiveCfg = Debug|ARM
		{DDC90CC0-4607-4A1D-9C57-BBE4AC9DC1CF}.Debug|ARM.Build.0 = Debug|ARM
		{DDC90CC0-4607-4A1D-9C57-BBE4AC9DC1CF}.Debug|ARM.Deploy.0 = Debug|ARM
		{DDC90CC0-4607-4A1D-9C57-BBE4AC9DC1CF}.Debug|ARM64.ActiveCfg = Debug|ARM64
		{DDC90CC0-4607-4A1D-9C57-BBE4AC9DC1CF}.Debug|ARM64.Build.0 = Debug|ARM64
		{DDC90CC0-4607-4A1D-9C57-BBE4AC9DC1CF}.Debug|ARM64.Deploy.0 = Debug|ARM64
		{DDC90CC0-4607-4A1D-9C57-BBE4AC9DC1CF}.Debug|x64.ActiveCfg = Debug|x64
		{DDC90CC0-4607-4A1D-9C57-BBE4AC9DC1CF}.Debug|x64.Build.0 = Debug|x64
		{DDC90CC0-4607-4A1D-9C57-BBE4AC9DC1CF}.Debug|x64.Deploy.0 = Debug|x64
		{DDC90CC0-4607-4A1D-9C57-BBE4AC9DC1CF}.Debug|x86.ActiveCfg = Debug|x86
		{DDC90CC0-4607-4A1D-9C57-BBE4AC9DC1CF}.Debug|x86.Build.0 = Debug|x86
		{DDC90CC0-4607-4A1D-9C57-BBE4AC9DC1CF}.Debug|x86.Deploy.0 = Debug|x86
		{DDC90CC0-4607-4A1D-9C57-BBE4AC9DC1CF}.Release|Any CPU.ActiveCfg = Release|x86
		{DDC90CC0-4607-4A1D-9C57-BBE4AC9DC1CF}.Release|ARM.ActiveCfg = Release|ARM
		{DDC90CC0-4607-4A1D-9C57-BBE4AC9DC1CF}.Release|ARM.Build.0 = Release|ARM
		{DDC90CC0-4607-4A1D-9C57-BBE4AC9DC1CF}.Release|ARM.Deploy.0 = Release|ARM
		{DDC90CC0-4607-4A1D-9C57-BBE4AC9DC1CF}.Release|ARM64.ActiveCfg = Release|ARM64
		{DDC90CC0-4607-4A1D-9C57-BBE4AC9DC1CF}.Release|ARM64.Build.0 = Release|ARM64
		{DDC90CC0-4607-4A1D-9C57-BBE4AC9DC1CF}.Release|ARM64.Deploy.0 = Release|ARM64
		{DDC90CC0-4607-4A1D-9C57-BBE4AC9DC1CF}.Release|x64.ActiveCfg = Release|x64
		{DDC90CC0-4607-4A1D-9C57-BBE4AC9DC1CF}.Release|x64.Build.0 = Release|x64
		{DDC90CC0-4607-4A1D-9C57-BBE4AC9DC1CF}.Release|x64.Deploy.0 = Release|x64
		{DDC90CC0-4607-4A1D-9C57-BBE4AC9DC1CF}.Release|x86.ActiveCfg = Release|x86
		{DDC90CC0-4607-4A1D-9C57-BBE4AC9DC1CF}.Release|x86.Build.0 = Release|x86
		{DDC90CC0-4607-4A1D-9C57-BBE4AC9DC1CF}.Release|x86.Deploy.0 = Release|x86
		{9230DA7B-21D2-4F2C-ABE5-EFE4A9EC5BFB}.Debug|Any CPU.ActiveCfg = Debug|x86
		{9230DA7B-21D2-4F2C-ABE5-EFE4A9EC5BFB}.Debug|ARM.ActiveCfg = Debug|ARM
		{9230DA7B-21D2-4F2C-ABE5-EFE4A9EC5BFB}.Debug|ARM.Build.0 = Debug|ARM
		{9230DA7B-21D2-4F2C-ABE5-EFE4A9EC5BFB}.Debug|ARM.Deploy.0 = Debug|ARM
		{9230DA7B-21D2-4F2C-ABE5-EFE4A9EC5BFB}.Debug|ARM64.ActiveCfg = Debug|ARM64
		{9230DA7B-21D2-4F2C-ABE5-EFE4A9EC5BFB}.Debug|ARM64.Build.0 = Debug|ARM64
		{9230DA7B-21D2-4F2C-ABE5-EFE4A9EC5BFB}.Debug|ARM64.Deploy.0 = Debug|ARM64
		{9230DA7B-21D2-4F2C-ABE5-EFE4A9EC5BFB}.Debug|x64.ActiveCfg = Debug|x64
		{9230DA7B-21D2-4F2C-ABE5-EFE4A9EC5BFB}.Debug|x64.Build.0 = Debug|x64
		{9230DA7B-21D2-4F2C-ABE5-EFE4A9EC5BFB}.Debug|x64.Deploy.0 = Debug|x64
		{9230DA7B-21D2-4F2C-ABE5-EFE4A9EC5BFB}.Debug|x86.ActiveCfg = Debug|x86
		{9230DA7B-21D2-4F2C-ABE5-EFE4A9EC5BFB}.Debug|x86.Build.0 = Debug|x86
		{9230DA7B-21D2-4F2C-ABE5-EFE4A9EC5BFB}.Debug|x86.Deploy.0 = Debug|x86
		{9230DA7B-21D2-4F2C-ABE5-EFE4A9EC5BFB}.Release|Any CPU.ActiveCfg = Release|x86
		{9230DA7B-21D2-4F2C-ABE5-EFE4A9EC5BFB}.Release|ARM.ActiveCfg = Release|ARM
		{9230DA7B-21D2-4F2C-ABE5-EFE4A9EC5BFB}.Release|ARM.Build.0 = Release|ARM
		{9230DA7B-21D2-4F2C-ABE5-EFE4A9EC5BFB}.Release|ARM.Deploy.0 = Release|ARM
		{9230DA7B-21D2-4F2C-ABE5-EFE4A9EC5BFB}.Release|ARM64.ActiveCfg = Release|ARM64
		{9230DA7B-21D2-4F2C-ABE5-EFE4A9EC5BFB}.Release|ARM64.Build.0 = Release|ARM64
		{9230DA7B-21D2-4F2C-ABE5-EFE4A9EC5BFB}.Release|ARM64.Deploy.0 = Release|ARM64
		{9230DA7B-21D2-4F2C-ABE5-EFE4A9EC5BFB}.Release|x64.ActiveCfg = Release|x64
		{9230DA7B-21D2-4F2C-ABE5-EFE4A9EC5BFB}.Release|x64.Build.0 = Release|x64
		{9230DA7B-21D2-4F2C-ABE5-EFE4A9EC5BFB}.Release|x64.Deploy.0 = Release|x64
		{9230DA7B-21D2-4F2C-ABE5-EFE4A9EC5BFB}.Release|x86.ActiveCfg = Release|x86
		{9230DA7B-21D2-4F2C-ABE5-EFE4A9EC5BFB}.Release|x86.Build.0 = Release|x86
		{9230DA7B-21D2-4F2C-ABE5-EFE4A9EC5BFB}.Release|x86.Deploy.0 = Release|x86
		{A3134BB9-480B-4B7C-B0BC-E58AD5F5B204}.Debug|Any CPU.ActiveCfg = Debug|Any CPU
		{A3134BB9-480B-4B7C-B0BC-E58AD5F5B204}.Debug|Any CPU.Build.0 = Debug|Any CPU
		{A3134BB9-480B-4B7C-B0BC-E58AD5F5B204}.Debug|ARM.ActiveCfg = Debug|Any CPU
		{A3134BB9-480B-4B7C-B0BC-E58AD5F5B204}.Debug|ARM.Build.0 = Debug|Any CPU
		{A3134BB9-480B-4B7C-B0BC-E58AD5F5B204}.Debug|ARM64.ActiveCfg = Debug|Any CPU
		{A3134BB9-480B-4B7C-B0BC-E58AD5F5B204}.Debug|ARM64.Build.0 = Debug|Any CPU
		{A3134BB9-480B-4B7C-B0BC-E58AD5F5B204}.Debug|x64.ActiveCfg = Debug|Any CPU
		{A3134BB9-480B-4B7C-B0BC-E58AD5F5B204}.Debug|x64.Build.0 = Debug|Any CPU
		{A3134BB9-480B-4B7C-B0BC-E58AD5F5B204}.Debug|x86.ActiveCfg = Debug|Any CPU
		{A3134BB9-480B-4B7C-B0BC-E58AD5F5B204}.Debug|x86.Build.0 = Debug|Any CPU
		{A3134BB9-480B-4B7C-B0BC-E58AD5F5B204}.Release|Any CPU.ActiveCfg = Release|Any CPU
		{A3134BB9-480B-4B7C-B0BC-E58AD5F5B204}.Release|Any CPU.Build.0 = Release|Any CPU
		{A3134BB9-480B-4B7C-B0BC-E58AD5F5B204}.Release|ARM.ActiveCfg = Release|Any CPU
		{A3134BB9-480B-4B7C-B0BC-E58AD5F5B204}.Release|ARM.Build.0 = Release|Any CPU
		{A3134BB9-480B-4B7C-B0BC-E58AD5F5B204}.Release|ARM64.ActiveCfg = Release|Any CPU
		{A3134BB9-480B-4B7C-B0BC-E58AD5F5B204}.Release|ARM64.Build.0 = Release|Any CPU
		{A3134BB9-480B-4B7C-B0BC-E58AD5F5B204}.Release|x64.ActiveCfg = Release|Any CPU
		{A3134BB9-480B-4B7C-B0BC-E58AD5F5B204}.Release|x64.Build.0 = Release|Any CPU
		{A3134BB9-480B-4B7C-B0BC-E58AD5F5B204}.Release|x86.ActiveCfg = Release|Any CPU
		{A3134BB9-480B-4B7C-B0BC-E58AD5F5B204}.Release|x86.Build.0 = Release|Any CPU
		{68277DC4-FC10-44DB-9C5E-3E3C86A172F6}.Debug|Any CPU.ActiveCfg = Debug|Any CPU
		{68277DC4-FC10-44DB-9C5E-3E3C86A172F6}.Debug|Any CPU.Build.0 = Debug|Any CPU
		{68277DC4-FC10-44DB-9C5E-3E3C86A172F6}.Debug|ARM.ActiveCfg = Debug|Any CPU
		{68277DC4-FC10-44DB-9C5E-3E3C86A172F6}.Debug|ARM.Build.0 = Debug|Any CPU
		{68277DC4-FC10-44DB-9C5E-3E3C86A172F6}.Debug|ARM64.ActiveCfg = Debug|Any CPU
		{68277DC4-FC10-44DB-9C5E-3E3C86A172F6}.Debug|ARM64.Build.0 = Debug|Any CPU
		{68277DC4-FC10-44DB-9C5E-3E3C86A172F6}.Debug|x64.ActiveCfg = Debug|Any CPU
		{68277DC4-FC10-44DB-9C5E-3E3C86A172F6}.Debug|x64.Build.0 = Debug|Any CPU
		{68277DC4-FC10-44DB-9C5E-3E3C86A172F6}.Debug|x86.ActiveCfg = Debug|Any CPU
		{68277DC4-FC10-44DB-9C5E-3E3C86A172F6}.Debug|x86.Build.0 = Debug|Any CPU
		{68277DC4-FC10-44DB-9C5E-3E3C86A172F6}.Release|Any CPU.ActiveCfg = Release|Any CPU
		{68277DC4-FC10-44DB-9C5E-3E3C86A172F6}.Release|Any CPU.Build.0 = Release|Any CPU
		{68277DC4-FC10-44DB-9C5E-3E3C86A172F6}.Release|ARM.ActiveCfg = Release|Any CPU
		{68277DC4-FC10-44DB-9C5E-3E3C86A172F6}.Release|ARM.Build.0 = Release|Any CPU
		{68277DC4-FC10-44DB-9C5E-3E3C86A172F6}.Release|ARM64.ActiveCfg = Release|Any CPU
		{68277DC4-FC10-44DB-9C5E-3E3C86A172F6}.Release|ARM64.Build.0 = Release|Any CPU
		{68277DC4-FC10-44DB-9C5E-3E3C86A172F6}.Release|x64.ActiveCfg = Release|Any CPU
		{68277DC4-FC10-44DB-9C5E-3E3C86A172F6}.Release|x64.Build.0 = Release|Any CPU
		{68277DC4-FC10-44DB-9C5E-3E3C86A172F6}.Release|x86.ActiveCfg = Release|Any CPU
		{68277DC4-FC10-44DB-9C5E-3E3C86A172F6}.Release|x86.Build.0 = Release|Any CPU
		{D737C226-8136-4083-816A-405BB6FDD909}.Debug|Any CPU.ActiveCfg = Debug|Any CPU
		{D737C226-8136-4083-816A-405BB6FDD909}.Debug|Any CPU.Build.0 = Debug|Any CPU
		{D737C226-8136-4083-816A-405BB6FDD909}.Debug|ARM.ActiveCfg = Debug|Any CPU
		{D737C226-8136-4083-816A-405BB6FDD909}.Debug|ARM.Build.0 = Debug|Any CPU
		{D737C226-8136-4083-816A-405BB6FDD909}.Debug|ARM64.ActiveCfg = Debug|Any CPU
		{D737C226-8136-4083-816A-405BB6FDD909}.Debug|ARM64.Build.0 = Debug|Any CPU
		{D737C226-8136-4083-816A-405BB6FDD909}.Debug|x64.ActiveCfg = Debug|Any CPU
		{D737C226-8136-4083-816A-405BB6FDD909}.Debug|x64.Build.0 = Debug|Any CPU
		{D737C226-8136-4083-816A-405BB6FDD909}.Debug|x86.ActiveCfg = Debug|Any CPU
		{D737C226-8136-4083-816A-405BB6FDD909}.Debug|x86.Build.0 = Debug|Any CPU
		{D737C226-8136-4083-816A-405BB6FDD909}.Release|Any CPU.ActiveCfg = Release|Any CPU
		{D737C226-8136-4083-816A-405BB6FDD909}.Release|Any CPU.Build.0 = Release|Any CPU
		{D737C226-8136-4083-816A-405BB6FDD909}.Release|ARM.ActiveCfg = Release|Any CPU
		{D737C226-8136-4083-816A-405BB6FDD909}.Release|ARM.Build.0 = Release|Any CPU
		{D737C226-8136-4083-816A-405BB6FDD909}.Release|ARM64.ActiveCfg = Release|Any CPU
		{D737C226-8136-4083-816A-405BB6FDD909}.Release|ARM64.Build.0 = Release|Any CPU
		{D737C226-8136-4083-816A-405BB6FDD909}.Release|x64.ActiveCfg = Release|Any CPU
		{D737C226-8136-4083-816A-405BB6FDD909}.Release|x64.Build.0 = Release|Any CPU
		{D737C226-8136-4083-816A-405BB6FDD909}.Release|x86.ActiveCfg = Release|Any CPU
		{D737C226-8136-4083-816A-405BB6FDD909}.Release|x86.Build.0 = Release|Any CPU
		{915212EA-BF67-4A43-8BA1-AA3090C30440}.Debug|Any CPU.ActiveCfg = Debug|Any CPU
		{915212EA-BF67-4A43-8BA1-AA3090C30440}.Debug|Any CPU.Build.0 = Debug|Any CPU
		{915212EA-BF67-4A43-8BA1-AA3090C30440}.Debug|ARM.ActiveCfg = Debug|Any CPU
		{915212EA-BF67-4A43-8BA1-AA3090C30440}.Debug|ARM.Build.0 = Debug|Any CPU
		{915212EA-BF67-4A43-8BA1-AA3090C30440}.Debug|ARM64.ActiveCfg = Debug|Any CPU
		{915212EA-BF67-4A43-8BA1-AA3090C30440}.Debug|ARM64.Build.0 = Debug|Any CPU
		{915212EA-BF67-4A43-8BA1-AA3090C30440}.Debug|x64.ActiveCfg = Debug|Any CPU
		{915212EA-BF67-4A43-8BA1-AA3090C30440}.Debug|x64.Build.0 = Debug|Any CPU
		{915212EA-BF67-4A43-8BA1-AA3090C30440}.Debug|x86.ActiveCfg = Debug|Any CPU
		{915212EA-BF67-4A43-8BA1-AA3090C30440}.Debug|x86.Build.0 = Debug|Any CPU
		{915212EA-BF67-4A43-8BA1-AA3090C30440}.Release|Any CPU.ActiveCfg = Release|Any CPU
		{915212EA-BF67-4A43-8BA1-AA3090C30440}.Release|Any CPU.Build.0 = Release|Any CPU
		{915212EA-BF67-4A43-8BA1-AA3090C30440}.Release|ARM.ActiveCfg = Release|Any CPU
		{915212EA-BF67-4A43-8BA1-AA3090C30440}.Release|ARM.Build.0 = Release|Any CPU
		{915212EA-BF67-4A43-8BA1-AA3090C30440}.Release|ARM64.ActiveCfg = Release|Any CPU
		{915212EA-BF67-4A43-8BA1-AA3090C30440}.Release|ARM64.Build.0 = Release|Any CPU
		{915212EA-BF67-4A43-8BA1-AA3090C30440}.Release|x64.ActiveCfg = Release|Any CPU
		{915212EA-BF67-4A43-8BA1-AA3090C30440}.Release|x64.Build.0 = Release|Any CPU
		{915212EA-BF67-4A43-8BA1-AA3090C30440}.Release|x86.ActiveCfg = Release|Any CPU
		{915212EA-BF67-4A43-8BA1-AA3090C30440}.Release|x86.Build.0 = Release|Any CPU
		{D618B26A-E208-4905-B28F-1BBB5BFCAFB6}.Debug|Any CPU.ActiveCfg = Debug|Any CPU
		{D618B26A-E208-4905-B28F-1BBB5BFCAFB6}.Debug|Any CPU.Build.0 = Debug|Any CPU
		{D618B26A-E208-4905-B28F-1BBB5BFCAFB6}.Debug|ARM.ActiveCfg = Debug|Any CPU
		{D618B26A-E208-4905-B28F-1BBB5BFCAFB6}.Debug|ARM.Build.0 = Debug|Any CPU
		{D618B26A-E208-4905-B28F-1BBB5BFCAFB6}.Debug|ARM64.ActiveCfg = Debug|Any CPU
		{D618B26A-E208-4905-B28F-1BBB5BFCAFB6}.Debug|ARM64.Build.0 = Debug|Any CPU
		{D618B26A-E208-4905-B28F-1BBB5BFCAFB6}.Debug|x64.ActiveCfg = Debug|Any CPU
		{D618B26A-E208-4905-B28F-1BBB5BFCAFB6}.Debug|x64.Build.0 = Debug|Any CPU
		{D618B26A-E208-4905-B28F-1BBB5BFCAFB6}.Debug|x86.ActiveCfg = Debug|Any CPU
		{D618B26A-E208-4905-B28F-1BBB5BFCAFB6}.Debug|x86.Build.0 = Debug|Any CPU
		{D618B26A-E208-4905-B28F-1BBB5BFCAFB6}.Release|Any CPU.ActiveCfg = Release|Any CPU
		{D618B26A-E208-4905-B28F-1BBB5BFCAFB6}.Release|Any CPU.Build.0 = Release|Any CPU
		{D618B26A-E208-4905-B28F-1BBB5BFCAFB6}.Release|ARM.ActiveCfg = Release|Any CPU
		{D618B26A-E208-4905-B28F-1BBB5BFCAFB6}.Release|ARM.Build.0 = Release|Any CPU
		{D618B26A-E208-4905-B28F-1BBB5BFCAFB6}.Release|ARM64.ActiveCfg = Release|Any CPU
		{D618B26A-E208-4905-B28F-1BBB5BFCAFB6}.Release|ARM64.Build.0 = Release|Any CPU
		{D618B26A-E208-4905-B28F-1BBB5BFCAFB6}.Release|x64.ActiveCfg = Release|Any CPU
		{D618B26A-E208-4905-B28F-1BBB5BFCAFB6}.Release|x64.Build.0 = Release|Any CPU
		{D618B26A-E208-4905-B28F-1BBB5BFCAFB6}.Release|x86.ActiveCfg = Release|Any CPU
		{D618B26A-E208-4905-B28F-1BBB5BFCAFB6}.Release|x86.Build.0 = Release|Any CPU
		{1336EDA9-9E57-44B7-A489-0D8C8B741277}.Debug|Any CPU.ActiveCfg = Debug|Any CPU
		{1336EDA9-9E57-44B7-A489-0D8C8B741277}.Debug|Any CPU.Build.0 = Debug|Any CPU
		{1336EDA9-9E57-44B7-A489-0D8C8B741277}.Debug|ARM.ActiveCfg = Debug|Any CPU
		{1336EDA9-9E57-44B7-A489-0D8C8B741277}.Debug|ARM.Build.0 = Debug|Any CPU
		{1336EDA9-9E57-44B7-A489-0D8C8B741277}.Debug|ARM64.ActiveCfg = Debug|Any CPU
		{1336EDA9-9E57-44B7-A489-0D8C8B741277}.Debug|ARM64.Build.0 = Debug|Any CPU
		{1336EDA9-9E57-44B7-A489-0D8C8B741277}.Debug|x64.ActiveCfg = Debug|Any CPU
		{1336EDA9-9E57-44B7-A489-0D8C8B741277}.Debug|x64.Build.0 = Debug|Any CPU
		{1336EDA9-9E57-44B7-A489-0D8C8B741277}.Debug|x86.ActiveCfg = Debug|Any CPU
		{1336EDA9-9E57-44B7-A489-0D8C8B741277}.Debug|x86.Build.0 = Debug|Any CPU
		{1336EDA9-9E57-44B7-A489-0D8C8B741277}.Release|Any CPU.ActiveCfg = Release|Any CPU
		{1336EDA9-9E57-44B7-A489-0D8C8B741277}.Release|Any CPU.Build.0 = Release|Any CPU
		{1336EDA9-9E57-44B7-A489-0D8C8B741277}.Release|ARM.ActiveCfg = Release|Any CPU
		{1336EDA9-9E57-44B7-A489-0D8C8B741277}.Release|ARM.Build.0 = Release|Any CPU
		{1336EDA9-9E57-44B7-A489-0D8C8B741277}.Release|ARM64.ActiveCfg = Release|Any CPU
		{1336EDA9-9E57-44B7-A489-0D8C8B741277}.Release|ARM64.Build.0 = Release|Any CPU
		{1336EDA9-9E57-44B7-A489-0D8C8B741277}.Release|x64.ActiveCfg = Release|Any CPU
		{1336EDA9-9E57-44B7-A489-0D8C8B741277}.Release|x64.Build.0 = Release|Any CPU
		{1336EDA9-9E57-44B7-A489-0D8C8B741277}.Release|x86.ActiveCfg = Release|Any CPU
		{1336EDA9-9E57-44B7-A489-0D8C8B741277}.Release|x86.Build.0 = Release|Any CPU
		{11DC8ECF-77CD-4CC0-92EC-B9014B4744BB}.Debug|Any CPU.ActiveCfg = Debug|Any CPU
		{11DC8ECF-77CD-4CC0-92EC-B9014B4744BB}.Debug|Any CPU.Build.0 = Debug|Any CPU
		{11DC8ECF-77CD-4CC0-92EC-B9014B4744BB}.Debug|ARM.ActiveCfg = Debug|Any CPU
		{11DC8ECF-77CD-4CC0-92EC-B9014B4744BB}.Debug|ARM.Build.0 = Debug|Any CPU
		{11DC8ECF-77CD-4CC0-92EC-B9014B4744BB}.Debug|ARM64.ActiveCfg = Debug|Any CPU
		{11DC8ECF-77CD-4CC0-92EC-B9014B4744BB}.Debug|ARM64.Build.0 = Debug|Any CPU
		{11DC8ECF-77CD-4CC0-92EC-B9014B4744BB}.Debug|x64.ActiveCfg = Debug|Any CPU
		{11DC8ECF-77CD-4CC0-92EC-B9014B4744BB}.Debug|x64.Build.0 = Debug|Any CPU
		{11DC8ECF-77CD-4CC0-92EC-B9014B4744BB}.Debug|x86.ActiveCfg = Debug|Any CPU
		{11DC8ECF-77CD-4CC0-92EC-B9014B4744BB}.Debug|x86.Build.0 = Debug|Any CPU
		{11DC8ECF-77CD-4CC0-92EC-B9014B4744BB}.Release|Any CPU.ActiveCfg = Release|Any CPU
		{11DC8ECF-77CD-4CC0-92EC-B9014B4744BB}.Release|Any CPU.Build.0 = Release|Any CPU
		{11DC8ECF-77CD-4CC0-92EC-B9014B4744BB}.Release|ARM.ActiveCfg = Release|Any CPU
		{11DC8ECF-77CD-4CC0-92EC-B9014B4744BB}.Release|ARM.Build.0 = Release|Any CPU
		{11DC8ECF-77CD-4CC0-92EC-B9014B4744BB}.Release|ARM64.ActiveCfg = Release|Any CPU
		{11DC8ECF-77CD-4CC0-92EC-B9014B4744BB}.Release|ARM64.Build.0 = Release|Any CPU
		{11DC8ECF-77CD-4CC0-92EC-B9014B4744BB}.Release|x64.ActiveCfg = Release|Any CPU
		{11DC8ECF-77CD-4CC0-92EC-B9014B4744BB}.Release|x64.Build.0 = Release|Any CPU
		{11DC8ECF-77CD-4CC0-92EC-B9014B4744BB}.Release|x86.ActiveCfg = Release|Any CPU
		{11DC8ECF-77CD-4CC0-92EC-B9014B4744BB}.Release|x86.Build.0 = Release|Any CPU
		{5AC41FAF-201D-4448-A9CE-87AEE595D568}.Debug|Any CPU.ActiveCfg = Debug|Any CPU
		{5AC41FAF-201D-4448-A9CE-87AEE595D568}.Debug|Any CPU.Build.0 = Debug|Any CPU
		{5AC41FAF-201D-4448-A9CE-87AEE595D568}.Debug|ARM.ActiveCfg = Debug|Any CPU
		{5AC41FAF-201D-4448-A9CE-87AEE595D568}.Debug|ARM.Build.0 = Debug|Any CPU
		{5AC41FAF-201D-4448-A9CE-87AEE595D568}.Debug|ARM64.ActiveCfg = Debug|Any CPU
		{5AC41FAF-201D-4448-A9CE-87AEE595D568}.Debug|ARM64.Build.0 = Debug|Any CPU
		{5AC41FAF-201D-4448-A9CE-87AEE595D568}.Debug|x64.ActiveCfg = Debug|Any CPU
		{5AC41FAF-201D-4448-A9CE-87AEE595D568}.Debug|x64.Build.0 = Debug|Any CPU
		{5AC41FAF-201D-4448-A9CE-87AEE595D568}.Debug|x86.ActiveCfg = Debug|Any CPU
		{5AC41FAF-201D-4448-A9CE-87AEE595D568}.Debug|x86.Build.0 = Debug|Any CPU
		{5AC41FAF-201D-4448-A9CE-87AEE595D568}.Release|Any CPU.ActiveCfg = Release|Any CPU
		{5AC41FAF-201D-4448-A9CE-87AEE595D568}.Release|Any CPU.Build.0 = Release|Any CPU
		{5AC41FAF-201D-4448-A9CE-87AEE595D568}.Release|ARM.ActiveCfg = Release|Any CPU
		{5AC41FAF-201D-4448-A9CE-87AEE595D568}.Release|ARM.Build.0 = Release|Any CPU
		{5AC41FAF-201D-4448-A9CE-87AEE595D568}.Release|ARM64.ActiveCfg = Release|Any CPU
		{5AC41FAF-201D-4448-A9CE-87AEE595D568}.Release|ARM64.Build.0 = Release|Any CPU
		{5AC41FAF-201D-4448-A9CE-87AEE595D568}.Release|x64.ActiveCfg = Release|Any CPU
		{5AC41FAF-201D-4448-A9CE-87AEE595D568}.Release|x64.Build.0 = Release|Any CPU
		{5AC41FAF-201D-4448-A9CE-87AEE595D568}.Release|x86.ActiveCfg = Release|Any CPU
		{5AC41FAF-201D-4448-A9CE-87AEE595D568}.Release|x86.Build.0 = Release|Any CPU
		{2B179EF9-8D19-4877-8065-5A950CE7A10B}.Debug|Any CPU.ActiveCfg = Debug|Any CPU
		{2B179EF9-8D19-4877-8065-5A950CE7A10B}.Debug|Any CPU.Build.0 = Debug|Any CPU
		{2B179EF9-8D19-4877-8065-5A950CE7A10B}.Debug|ARM.ActiveCfg = Debug|Any CPU
		{2B179EF9-8D19-4877-8065-5A950CE7A10B}.Debug|ARM.Build.0 = Debug|Any CPU
		{2B179EF9-8D19-4877-8065-5A950CE7A10B}.Debug|ARM64.ActiveCfg = Debug|Any CPU
		{2B179EF9-8D19-4877-8065-5A950CE7A10B}.Debug|ARM64.Build.0 = Debug|Any CPU
		{2B179EF9-8D19-4877-8065-5A950CE7A10B}.Debug|x64.ActiveCfg = Debug|Any CPU
		{2B179EF9-8D19-4877-8065-5A950CE7A10B}.Debug|x64.Build.0 = Debug|Any CPU
		{2B179EF9-8D19-4877-8065-5A950CE7A10B}.Debug|x86.ActiveCfg = Debug|Any CPU
		{2B179EF9-8D19-4877-8065-5A950CE7A10B}.Debug|x86.Build.0 = Debug|Any CPU
		{2B179EF9-8D19-4877-8065-5A950CE7A10B}.Release|Any CPU.ActiveCfg = Release|Any CPU
		{2B179EF9-8D19-4877-8065-5A950CE7A10B}.Release|Any CPU.Build.0 = Release|Any CPU
		{2B179EF9-8D19-4877-8065-5A950CE7A10B}.Release|ARM.ActiveCfg = Release|Any CPU
		{2B179EF9-8D19-4877-8065-5A950CE7A10B}.Release|ARM.Build.0 = Release|Any CPU
		{2B179EF9-8D19-4877-8065-5A950CE7A10B}.Release|ARM64.ActiveCfg = Release|Any CPU
		{2B179EF9-8D19-4877-8065-5A950CE7A10B}.Release|ARM64.Build.0 = Release|Any CPU
		{2B179EF9-8D19-4877-8065-5A950CE7A10B}.Release|x64.ActiveCfg = Release|Any CPU
		{2B179EF9-8D19-4877-8065-5A950CE7A10B}.Release|x64.Build.0 = Release|Any CPU
		{2B179EF9-8D19-4877-8065-5A950CE7A10B}.Release|x86.ActiveCfg = Release|Any CPU
		{2B179EF9-8D19-4877-8065-5A950CE7A10B}.Release|x86.Build.0 = Release|Any CPU
		{A61333D2-49CA-4B9B-877A-F5EB88FC52F8}.Debug|Any CPU.ActiveCfg = Debug|Any CPU
		{A61333D2-49CA-4B9B-877A-F5EB88FC52F8}.Debug|Any CPU.Build.0 = Debug|Any CPU
		{A61333D2-49CA-4B9B-877A-F5EB88FC52F8}.Debug|ARM.ActiveCfg = Debug|Any CPU
		{A61333D2-49CA-4B9B-877A-F5EB88FC52F8}.Debug|ARM.Build.0 = Debug|Any CPU
		{A61333D2-49CA-4B9B-877A-F5EB88FC52F8}.Debug|ARM64.ActiveCfg = Debug|Any CPU
		{A61333D2-49CA-4B9B-877A-F5EB88FC52F8}.Debug|ARM64.Build.0 = Debug|Any CPU
		{A61333D2-49CA-4B9B-877A-F5EB88FC52F8}.Debug|x64.ActiveCfg = Debug|Any CPU
		{A61333D2-49CA-4B9B-877A-F5EB88FC52F8}.Debug|x64.Build.0 = Debug|Any CPU
		{A61333D2-49CA-4B9B-877A-F5EB88FC52F8}.Debug|x86.ActiveCfg = Debug|Any CPU
		{A61333D2-49CA-4B9B-877A-F5EB88FC52F8}.Debug|x86.Build.0 = Debug|Any CPU
		{A61333D2-49CA-4B9B-877A-F5EB88FC52F8}.Release|Any CPU.ActiveCfg = Release|Any CPU
		{A61333D2-49CA-4B9B-877A-F5EB88FC52F8}.Release|Any CPU.Build.0 = Release|Any CPU
		{A61333D2-49CA-4B9B-877A-F5EB88FC52F8}.Release|ARM.ActiveCfg = Release|Any CPU
		{A61333D2-49CA-4B9B-877A-F5EB88FC52F8}.Release|ARM.Build.0 = Release|Any CPU
		{A61333D2-49CA-4B9B-877A-F5EB88FC52F8}.Release|ARM64.ActiveCfg = Release|Any CPU
		{A61333D2-49CA-4B9B-877A-F5EB88FC52F8}.Release|ARM64.Build.0 = Release|Any CPU
		{A61333D2-49CA-4B9B-877A-F5EB88FC52F8}.Release|x64.ActiveCfg = Release|Any CPU
		{A61333D2-49CA-4B9B-877A-F5EB88FC52F8}.Release|x64.Build.0 = Release|Any CPU
		{A61333D2-49CA-4B9B-877A-F5EB88FC52F8}.Release|x86.ActiveCfg = Release|Any CPU
		{A61333D2-49CA-4B9B-877A-F5EB88FC52F8}.Release|x86.Build.0 = Release|Any CPU
		{ADB03522-803C-40C2-AAEF-48D8F0862762}.Debug|Any CPU.ActiveCfg = Debug|Any CPU
		{ADB03522-803C-40C2-AAEF-48D8F0862762}.Debug|Any CPU.Build.0 = Debug|Any CPU
		{ADB03522-803C-40C2-AAEF-48D8F0862762}.Debug|ARM.ActiveCfg = Debug|Any CPU
		{ADB03522-803C-40C2-AAEF-48D8F0862762}.Debug|ARM.Build.0 = Debug|Any CPU
		{ADB03522-803C-40C2-AAEF-48D8F0862762}.Debug|ARM64.ActiveCfg = Debug|Any CPU
		{ADB03522-803C-40C2-AAEF-48D8F0862762}.Debug|ARM64.Build.0 = Debug|Any CPU
		{ADB03522-803C-40C2-AAEF-48D8F0862762}.Debug|x64.ActiveCfg = Debug|Any CPU
		{ADB03522-803C-40C2-AAEF-48D8F0862762}.Debug|x64.Build.0 = Debug|Any CPU
		{ADB03522-803C-40C2-AAEF-48D8F0862762}.Debug|x86.ActiveCfg = Debug|Any CPU
		{ADB03522-803C-40C2-AAEF-48D8F0862762}.Debug|x86.Build.0 = Debug|Any CPU
		{ADB03522-803C-40C2-AAEF-48D8F0862762}.Release|Any CPU.ActiveCfg = Release|Any CPU
		{ADB03522-803C-40C2-AAEF-48D8F0862762}.Release|Any CPU.Build.0 = Release|Any CPU
		{ADB03522-803C-40C2-AAEF-48D8F0862762}.Release|ARM.ActiveCfg = Release|Any CPU
		{ADB03522-803C-40C2-AAEF-48D8F0862762}.Release|ARM.Build.0 = Release|Any CPU
		{ADB03522-803C-40C2-AAEF-48D8F0862762}.Release|ARM64.ActiveCfg = Release|Any CPU
		{ADB03522-803C-40C2-AAEF-48D8F0862762}.Release|ARM64.Build.0 = Release|Any CPU
		{ADB03522-803C-40C2-AAEF-48D8F0862762}.Release|x64.ActiveCfg = Release|Any CPU
		{ADB03522-803C-40C2-AAEF-48D8F0862762}.Release|x64.Build.0 = Release|Any CPU
		{ADB03522-803C-40C2-AAEF-48D8F0862762}.Release|x86.ActiveCfg = Release|Any CPU
		{ADB03522-803C-40C2-AAEF-48D8F0862762}.Release|x86.Build.0 = Release|Any CPU
		{1BB34973-7FA9-44EC-B8DF-A7FB3D1CB8CB}.Debug|Any CPU.ActiveCfg = Debug|Any CPU
		{1BB34973-7FA9-44EC-B8DF-A7FB3D1CB8CB}.Debug|Any CPU.Build.0 = Debug|Any CPU
		{1BB34973-7FA9-44EC-B8DF-A7FB3D1CB8CB}.Debug|ARM.ActiveCfg = Debug|Any CPU
		{1BB34973-7FA9-44EC-B8DF-A7FB3D1CB8CB}.Debug|ARM.Build.0 = Debug|Any CPU
		{1BB34973-7FA9-44EC-B8DF-A7FB3D1CB8CB}.Debug|ARM64.ActiveCfg = Debug|Any CPU
		{1BB34973-7FA9-44EC-B8DF-A7FB3D1CB8CB}.Debug|ARM64.Build.0 = Debug|Any CPU
		{1BB34973-7FA9-44EC-B8DF-A7FB3D1CB8CB}.Debug|x64.ActiveCfg = Debug|Any CPU
		{1BB34973-7FA9-44EC-B8DF-A7FB3D1CB8CB}.Debug|x64.Build.0 = Debug|Any CPU
		{1BB34973-7FA9-44EC-B8DF-A7FB3D1CB8CB}.Debug|x86.ActiveCfg = Debug|Any CPU
		{1BB34973-7FA9-44EC-B8DF-A7FB3D1CB8CB}.Debug|x86.Build.0 = Debug|Any CPU
		{1BB34973-7FA9-44EC-B8DF-A7FB3D1CB8CB}.Release|Any CPU.ActiveCfg = Release|Any CPU
		{1BB34973-7FA9-44EC-B8DF-A7FB3D1CB8CB}.Release|Any CPU.Build.0 = Release|Any CPU
		{1BB34973-7FA9-44EC-B8DF-A7FB3D1CB8CB}.Release|ARM.ActiveCfg = Release|Any CPU
		{1BB34973-7FA9-44EC-B8DF-A7FB3D1CB8CB}.Release|ARM.Build.0 = Release|Any CPU
		{1BB34973-7FA9-44EC-B8DF-A7FB3D1CB8CB}.Release|ARM64.ActiveCfg = Release|Any CPU
		{1BB34973-7FA9-44EC-B8DF-A7FB3D1CB8CB}.Release|ARM64.Build.0 = Release|Any CPU
		{1BB34973-7FA9-44EC-B8DF-A7FB3D1CB8CB}.Release|x64.ActiveCfg = Release|Any CPU
		{1BB34973-7FA9-44EC-B8DF-A7FB3D1CB8CB}.Release|x64.Build.0 = Release|Any CPU
		{1BB34973-7FA9-44EC-B8DF-A7FB3D1CB8CB}.Release|x86.ActiveCfg = Release|Any CPU
		{1BB34973-7FA9-44EC-B8DF-A7FB3D1CB8CB}.Release|x86.Build.0 = Release|Any CPU
		{BEE922B6-7DBB-482A-B68C-504727E7DA60}.Debug|Any CPU.ActiveCfg = Debug|Any CPU
		{BEE922B6-7DBB-482A-B68C-504727E7DA60}.Debug|Any CPU.Build.0 = Debug|Any CPU
		{BEE922B6-7DBB-482A-B68C-504727E7DA60}.Debug|ARM.ActiveCfg = Debug|Any CPU
		{BEE922B6-7DBB-482A-B68C-504727E7DA60}.Debug|ARM.Build.0 = Debug|Any CPU
		{BEE922B6-7DBB-482A-B68C-504727E7DA60}.Debug|ARM64.ActiveCfg = Debug|Any CPU
		{BEE922B6-7DBB-482A-B68C-504727E7DA60}.Debug|ARM64.Build.0 = Debug|Any CPU
		{BEE922B6-7DBB-482A-B68C-504727E7DA60}.Debug|x64.ActiveCfg = Debug|Any CPU
		{BEE922B6-7DBB-482A-B68C-504727E7DA60}.Debug|x64.Build.0 = Debug|Any CPU
		{BEE922B6-7DBB-482A-B68C-504727E7DA60}.Debug|x86.ActiveCfg = Debug|Any CPU
		{BEE922B6-7DBB-482A-B68C-504727E7DA60}.Debug|x86.Build.0 = Debug|Any CPU
		{BEE922B6-7DBB-482A-B68C-504727E7DA60}.Release|Any CPU.ActiveCfg = Release|Any CPU
		{BEE922B6-7DBB-482A-B68C-504727E7DA60}.Release|Any CPU.Build.0 = Release|Any CPU
		{BEE922B6-7DBB-482A-B68C-504727E7DA60}.Release|ARM.ActiveCfg = Release|Any CPU
		{BEE922B6-7DBB-482A-B68C-504727E7DA60}.Release|ARM.Build.0 = Release|Any CPU
		{BEE922B6-7DBB-482A-B68C-504727E7DA60}.Release|ARM64.ActiveCfg = Release|Any CPU
		{BEE922B6-7DBB-482A-B68C-504727E7DA60}.Release|ARM64.Build.0 = Release|Any CPU
		{BEE922B6-7DBB-482A-B68C-504727E7DA60}.Release|x64.ActiveCfg = Release|Any CPU
		{BEE922B6-7DBB-482A-B68C-504727E7DA60}.Release|x64.Build.0 = Release|Any CPU
		{BEE922B6-7DBB-482A-B68C-504727E7DA60}.Release|x86.ActiveCfg = Release|Any CPU
		{BEE922B6-7DBB-482A-B68C-504727E7DA60}.Release|x86.Build.0 = Release|Any CPU
		{9DD1C8EC-A1E1-4A38-98F1-7468E1D456C0}.Debug|Any CPU.ActiveCfg = Debug|Any CPU
		{9DD1C8EC-A1E1-4A38-98F1-7468E1D456C0}.Debug|Any CPU.Build.0 = Debug|Any CPU
		{9DD1C8EC-A1E1-4A38-98F1-7468E1D456C0}.Debug|ARM.ActiveCfg = Debug|Any CPU
		{9DD1C8EC-A1E1-4A38-98F1-7468E1D456C0}.Debug|ARM.Build.0 = Debug|Any CPU
		{9DD1C8EC-A1E1-4A38-98F1-7468E1D456C0}.Debug|ARM64.ActiveCfg = Debug|Any CPU
		{9DD1C8EC-A1E1-4A38-98F1-7468E1D456C0}.Debug|ARM64.Build.0 = Debug|Any CPU
		{9DD1C8EC-A1E1-4A38-98F1-7468E1D456C0}.Debug|x64.ActiveCfg = Debug|Any CPU
		{9DD1C8EC-A1E1-4A38-98F1-7468E1D456C0}.Debug|x64.Build.0 = Debug|Any CPU
		{9DD1C8EC-A1E1-4A38-98F1-7468E1D456C0}.Debug|x86.ActiveCfg = Debug|Any CPU
		{9DD1C8EC-A1E1-4A38-98F1-7468E1D456C0}.Debug|x86.Build.0 = Debug|Any CPU
		{9DD1C8EC-A1E1-4A38-98F1-7468E1D456C0}.Release|Any CPU.ActiveCfg = Release|Any CPU
		{9DD1C8EC-A1E1-4A38-98F1-7468E1D456C0}.Release|Any CPU.Build.0 = Release|Any CPU
		{9DD1C8EC-A1E1-4A38-98F1-7468E1D456C0}.Release|ARM.ActiveCfg = Release|Any CPU
		{9DD1C8EC-A1E1-4A38-98F1-7468E1D456C0}.Release|ARM.Build.0 = Release|Any CPU
		{9DD1C8EC-A1E1-4A38-98F1-7468E1D456C0}.Release|ARM64.ActiveCfg = Release|Any CPU
		{9DD1C8EC-A1E1-4A38-98F1-7468E1D456C0}.Release|ARM64.Build.0 = Release|Any CPU
		{9DD1C8EC-A1E1-4A38-98F1-7468E1D456C0}.Release|x64.ActiveCfg = Release|Any CPU
		{9DD1C8EC-A1E1-4A38-98F1-7468E1D456C0}.Release|x64.Build.0 = Release|Any CPU
		{9DD1C8EC-A1E1-4A38-98F1-7468E1D456C0}.Release|x86.ActiveCfg = Release|Any CPU
		{9DD1C8EC-A1E1-4A38-98F1-7468E1D456C0}.Release|x86.Build.0 = Release|Any CPU
		{B058D165-7378-4187-B6EA-5D4A3D894D91}.Debug|Any CPU.ActiveCfg = Debug|Any CPU
		{B058D165-7378-4187-B6EA-5D4A3D894D91}.Debug|Any CPU.Build.0 = Debug|Any CPU
		{B058D165-7378-4187-B6EA-5D4A3D894D91}.Debug|ARM.ActiveCfg = Debug|Any CPU
		{B058D165-7378-4187-B6EA-5D4A3D894D91}.Debug|ARM.Build.0 = Debug|Any CPU
		{B058D165-7378-4187-B6EA-5D4A3D894D91}.Debug|ARM64.ActiveCfg = Debug|Any CPU
		{B058D165-7378-4187-B6EA-5D4A3D894D91}.Debug|ARM64.Build.0 = Debug|Any CPU
		{B058D165-7378-4187-B6EA-5D4A3D894D91}.Debug|x64.ActiveCfg = Debug|Any CPU
		{B058D165-7378-4187-B6EA-5D4A3D894D91}.Debug|x64.Build.0 = Debug|Any CPU
		{B058D165-7378-4187-B6EA-5D4A3D894D91}.Debug|x86.ActiveCfg = Debug|Any CPU
		{B058D165-7378-4187-B6EA-5D4A3D894D91}.Debug|x86.Build.0 = Debug|Any CPU
		{B058D165-7378-4187-B6EA-5D4A3D894D91}.Release|Any CPU.ActiveCfg = Release|Any CPU
		{B058D165-7378-4187-B6EA-5D4A3D894D91}.Release|Any CPU.Build.0 = Release|Any CPU
		{B058D165-7378-4187-B6EA-5D4A3D894D91}.Release|ARM.ActiveCfg = Release|Any CPU
		{B058D165-7378-4187-B6EA-5D4A3D894D91}.Release|ARM.Build.0 = Release|Any CPU
		{B058D165-7378-4187-B6EA-5D4A3D894D91}.Release|ARM64.ActiveCfg = Release|Any CPU
		{B058D165-7378-4187-B6EA-5D4A3D894D91}.Release|ARM64.Build.0 = Release|Any CPU
		{B058D165-7378-4187-B6EA-5D4A3D894D91}.Release|x64.ActiveCfg = Release|Any CPU
		{B058D165-7378-4187-B6EA-5D4A3D894D91}.Release|x64.Build.0 = Release|Any CPU
		{B058D165-7378-4187-B6EA-5D4A3D894D91}.Release|x86.ActiveCfg = Release|Any CPU
		{B058D165-7378-4187-B6EA-5D4A3D894D91}.Release|x86.Build.0 = Release|Any CPU
		{844B5D98-B309-473D-AE52-E1DCCFFC8B85}.Debug|Any CPU.ActiveCfg = Debug|Any CPU
		{844B5D98-B309-473D-AE52-E1DCCFFC8B85}.Debug|Any CPU.Build.0 = Debug|Any CPU
		{844B5D98-B309-473D-AE52-E1DCCFFC8B85}.Debug|ARM.ActiveCfg = Debug|Any CPU
		{844B5D98-B309-473D-AE52-E1DCCFFC8B85}.Debug|ARM.Build.0 = Debug|Any CPU
		{844B5D98-B309-473D-AE52-E1DCCFFC8B85}.Debug|ARM64.ActiveCfg = Debug|Any CPU
		{844B5D98-B309-473D-AE52-E1DCCFFC8B85}.Debug|ARM64.Build.0 = Debug|Any CPU
		{844B5D98-B309-473D-AE52-E1DCCFFC8B85}.Debug|x64.ActiveCfg = Debug|Any CPU
		{844B5D98-B309-473D-AE52-E1DCCFFC8B85}.Debug|x64.Build.0 = Debug|Any CPU
		{844B5D98-B309-473D-AE52-E1DCCFFC8B85}.Debug|x86.ActiveCfg = Debug|Any CPU
		{844B5D98-B309-473D-AE52-E1DCCFFC8B85}.Debug|x86.Build.0 = Debug|Any CPU
		{844B5D98-B309-473D-AE52-E1DCCFFC8B85}.Release|Any CPU.ActiveCfg = Release|Any CPU
		{844B5D98-B309-473D-AE52-E1DCCFFC8B85}.Release|Any CPU.Build.0 = Release|Any CPU
		{844B5D98-B309-473D-AE52-E1DCCFFC8B85}.Release|ARM.ActiveCfg = Release|Any CPU
		{844B5D98-B309-473D-AE52-E1DCCFFC8B85}.Release|ARM.Build.0 = Release|Any CPU
		{844B5D98-B309-473D-AE52-E1DCCFFC8B85}.Release|ARM64.ActiveCfg = Release|Any CPU
		{844B5D98-B309-473D-AE52-E1DCCFFC8B85}.Release|ARM64.Build.0 = Release|Any CPU
		{844B5D98-B309-473D-AE52-E1DCCFFC8B85}.Release|x64.ActiveCfg = Release|Any CPU
		{844B5D98-B309-473D-AE52-E1DCCFFC8B85}.Release|x64.Build.0 = Release|Any CPU
		{844B5D98-B309-473D-AE52-E1DCCFFC8B85}.Release|x86.ActiveCfg = Release|Any CPU
		{844B5D98-B309-473D-AE52-E1DCCFFC8B85}.Release|x86.Build.0 = Release|Any CPU
		{70792E39-67C7-414C-BE73-03F390D679FF}.Debug|Any CPU.ActiveCfg = Debug|Any CPU
		{70792E39-67C7-414C-BE73-03F390D679FF}.Debug|Any CPU.Build.0 = Debug|Any CPU
		{70792E39-67C7-414C-BE73-03F390D679FF}.Debug|ARM.ActiveCfg = Debug|Any CPU
		{70792E39-67C7-414C-BE73-03F390D679FF}.Debug|ARM.Build.0 = Debug|Any CPU
		{70792E39-67C7-414C-BE73-03F390D679FF}.Debug|ARM64.ActiveCfg = Debug|Any CPU
		{70792E39-67C7-414C-BE73-03F390D679FF}.Debug|ARM64.Build.0 = Debug|Any CPU
		{70792E39-67C7-414C-BE73-03F390D679FF}.Debug|x64.ActiveCfg = Debug|Any CPU
		{70792E39-67C7-414C-BE73-03F390D679FF}.Debug|x64.Build.0 = Debug|Any CPU
		{70792E39-67C7-414C-BE73-03F390D679FF}.Debug|x86.ActiveCfg = Debug|Any CPU
		{70792E39-67C7-414C-BE73-03F390D679FF}.Debug|x86.Build.0 = Debug|Any CPU
		{70792E39-67C7-414C-BE73-03F390D679FF}.Release|Any CPU.ActiveCfg = Release|Any CPU
		{70792E39-67C7-414C-BE73-03F390D679FF}.Release|Any CPU.Build.0 = Release|Any CPU
		{70792E39-67C7-414C-BE73-03F390D679FF}.Release|ARM.ActiveCfg = Release|Any CPU
		{70792E39-67C7-414C-BE73-03F390D679FF}.Release|ARM.Build.0 = Release|Any CPU
		{70792E39-67C7-414C-BE73-03F390D679FF}.Release|ARM64.ActiveCfg = Release|Any CPU
		{70792E39-67C7-414C-BE73-03F390D679FF}.Release|ARM64.Build.0 = Release|Any CPU
		{70792E39-67C7-414C-BE73-03F390D679FF}.Release|x64.ActiveCfg = Release|Any CPU
		{70792E39-67C7-414C-BE73-03F390D679FF}.Release|x64.Build.0 = Release|Any CPU
		{70792E39-67C7-414C-BE73-03F390D679FF}.Release|x86.ActiveCfg = Release|Any CPU
		{70792E39-67C7-414C-BE73-03F390D679FF}.Release|x86.Build.0 = Release|Any CPU
		{9A7D5C28-1B54-4A49-B29D-DBD22BDD8FCB}.Debug|Any CPU.ActiveCfg = Debug|Any CPU
		{9A7D5C28-1B54-4A49-B29D-DBD22BDD8FCB}.Debug|Any CPU.Build.0 = Debug|Any CPU
		{9A7D5C28-1B54-4A49-B29D-DBD22BDD8FCB}.Debug|ARM.ActiveCfg = Debug|Any CPU
		{9A7D5C28-1B54-4A49-B29D-DBD22BDD8FCB}.Debug|ARM.Build.0 = Debug|Any CPU
		{9A7D5C28-1B54-4A49-B29D-DBD22BDD8FCB}.Debug|ARM64.ActiveCfg = Debug|Any CPU
		{9A7D5C28-1B54-4A49-B29D-DBD22BDD8FCB}.Debug|ARM64.Build.0 = Debug|Any CPU
		{9A7D5C28-1B54-4A49-B29D-DBD22BDD8FCB}.Debug|x64.ActiveCfg = Debug|Any CPU
		{9A7D5C28-1B54-4A49-B29D-DBD22BDD8FCB}.Debug|x64.Build.0 = Debug|Any CPU
		{9A7D5C28-1B54-4A49-B29D-DBD22BDD8FCB}.Debug|x86.ActiveCfg = Debug|Any CPU
		{9A7D5C28-1B54-4A49-B29D-DBD22BDD8FCB}.Debug|x86.Build.0 = Debug|Any CPU
		{9A7D5C28-1B54-4A49-B29D-DBD22BDD8FCB}.Release|Any CPU.ActiveCfg = Release|Any CPU
		{9A7D5C28-1B54-4A49-B29D-DBD22BDD8FCB}.Release|Any CPU.Build.0 = Release|Any CPU
		{9A7D5C28-1B54-4A49-B29D-DBD22BDD8FCB}.Release|ARM.ActiveCfg = Release|Any CPU
		{9A7D5C28-1B54-4A49-B29D-DBD22BDD8FCB}.Release|ARM.Build.0 = Release|Any CPU
		{9A7D5C28-1B54-4A49-B29D-DBD22BDD8FCB}.Release|ARM64.ActiveCfg = Release|Any CPU
		{9A7D5C28-1B54-4A49-B29D-DBD22BDD8FCB}.Release|ARM64.Build.0 = Release|Any CPU
		{9A7D5C28-1B54-4A49-B29D-DBD22BDD8FCB}.Release|x64.ActiveCfg = Release|Any CPU
		{9A7D5C28-1B54-4A49-B29D-DBD22BDD8FCB}.Release|x64.Build.0 = Release|Any CPU
		{9A7D5C28-1B54-4A49-B29D-DBD22BDD8FCB}.Release|x86.ActiveCfg = Release|Any CPU
		{9A7D5C28-1B54-4A49-B29D-DBD22BDD8FCB}.Release|x86.Build.0 = Release|Any CPU
		{F61C11FE-6BF8-4B54-8609-B9F3A8750A53}.Debug|Any CPU.ActiveCfg = Debug|Any CPU
		{F61C11FE-6BF8-4B54-8609-B9F3A8750A53}.Debug|Any CPU.Build.0 = Debug|Any CPU
		{F61C11FE-6BF8-4B54-8609-B9F3A8750A53}.Debug|ARM.ActiveCfg = Debug|Any CPU
		{F61C11FE-6BF8-4B54-8609-B9F3A8750A53}.Debug|ARM.Build.0 = Debug|Any CPU
		{F61C11FE-6BF8-4B54-8609-B9F3A8750A53}.Debug|ARM64.ActiveCfg = Debug|Any CPU
		{F61C11FE-6BF8-4B54-8609-B9F3A8750A53}.Debug|ARM64.Build.0 = Debug|Any CPU
		{F61C11FE-6BF8-4B54-8609-B9F3A8750A53}.Debug|x64.ActiveCfg = Debug|Any CPU
		{F61C11FE-6BF8-4B54-8609-B9F3A8750A53}.Debug|x64.Build.0 = Debug|Any CPU
		{F61C11FE-6BF8-4B54-8609-B9F3A8750A53}.Debug|x86.ActiveCfg = Debug|Any CPU
		{F61C11FE-6BF8-4B54-8609-B9F3A8750A53}.Debug|x86.Build.0 = Debug|Any CPU
		{F61C11FE-6BF8-4B54-8609-B9F3A8750A53}.Release|Any CPU.ActiveCfg = Release|Any CPU
		{F61C11FE-6BF8-4B54-8609-B9F3A8750A53}.Release|Any CPU.Build.0 = Release|Any CPU
		{F61C11FE-6BF8-4B54-8609-B9F3A8750A53}.Release|ARM.ActiveCfg = Release|Any CPU
		{F61C11FE-6BF8-4B54-8609-B9F3A8750A53}.Release|ARM.Build.0 = Release|Any CPU
		{F61C11FE-6BF8-4B54-8609-B9F3A8750A53}.Release|ARM64.ActiveCfg = Release|Any CPU
		{F61C11FE-6BF8-4B54-8609-B9F3A8750A53}.Release|ARM64.Build.0 = Release|Any CPU
		{F61C11FE-6BF8-4B54-8609-B9F3A8750A53}.Release|x64.ActiveCfg = Release|Any CPU
		{F61C11FE-6BF8-4B54-8609-B9F3A8750A53}.Release|x64.Build.0 = Release|Any CPU
		{F61C11FE-6BF8-4B54-8609-B9F3A8750A53}.Release|x86.ActiveCfg = Release|Any CPU
		{F61C11FE-6BF8-4B54-8609-B9F3A8750A53}.Release|x86.Build.0 = Release|Any CPU
		{3D95F937-D33F-4924-9614-214F5DA52193}.Debug|Any CPU.ActiveCfg = Debug|Any CPU
		{3D95F937-D33F-4924-9614-214F5DA52193}.Debug|Any CPU.Build.0 = Debug|Any CPU
		{3D95F937-D33F-4924-9614-214F5DA52193}.Debug|ARM.ActiveCfg = Debug|Any CPU
		{3D95F937-D33F-4924-9614-214F5DA52193}.Debug|ARM.Build.0 = Debug|Any CPU
		{3D95F937-D33F-4924-9614-214F5DA52193}.Debug|ARM64.ActiveCfg = Debug|Any CPU
		{3D95F937-D33F-4924-9614-214F5DA52193}.Debug|ARM64.Build.0 = Debug|Any CPU
		{3D95F937-D33F-4924-9614-214F5DA52193}.Debug|x64.ActiveCfg = Debug|Any CPU
		{3D95F937-D33F-4924-9614-214F5DA52193}.Debug|x64.Build.0 = Debug|Any CPU
		{3D95F937-D33F-4924-9614-214F5DA52193}.Debug|x86.ActiveCfg = Debug|Any CPU
		{3D95F937-D33F-4924-9614-214F5DA52193}.Debug|x86.Build.0 = Debug|Any CPU
		{3D95F937-D33F-4924-9614-214F5DA52193}.Release|Any CPU.ActiveCfg = Release|Any CPU
		{3D95F937-D33F-4924-9614-214F5DA52193}.Release|Any CPU.Build.0 = Release|Any CPU
		{3D95F937-D33F-4924-9614-214F5DA52193}.Release|ARM.ActiveCfg = Release|Any CPU
		{3D95F937-D33F-4924-9614-214F5DA52193}.Release|ARM.Build.0 = Release|Any CPU
		{3D95F937-D33F-4924-9614-214F5DA52193}.Release|ARM64.ActiveCfg = Release|Any CPU
		{3D95F937-D33F-4924-9614-214F5DA52193}.Release|ARM64.Build.0 = Release|Any CPU
		{3D95F937-D33F-4924-9614-214F5DA52193}.Release|x64.ActiveCfg = Release|Any CPU
		{3D95F937-D33F-4924-9614-214F5DA52193}.Release|x64.Build.0 = Release|Any CPU
		{3D95F937-D33F-4924-9614-214F5DA52193}.Release|x86.ActiveCfg = Release|Any CPU
		{3D95F937-D33F-4924-9614-214F5DA52193}.Release|x86.Build.0 = Release|Any CPU
		{BF022716-5776-485D-A5CE-D3B9AB51C2F5}.Debug|Any CPU.ActiveCfg = Debug|Any CPU
		{BF022716-5776-485D-A5CE-D3B9AB51C2F5}.Debug|Any CPU.Build.0 = Debug|Any CPU
		{BF022716-5776-485D-A5CE-D3B9AB51C2F5}.Debug|ARM.ActiveCfg = Debug|Any CPU
		{BF022716-5776-485D-A5CE-D3B9AB51C2F5}.Debug|ARM.Build.0 = Debug|Any CPU
		{BF022716-5776-485D-A5CE-D3B9AB51C2F5}.Debug|ARM64.ActiveCfg = Debug|Any CPU
		{BF022716-5776-485D-A5CE-D3B9AB51C2F5}.Debug|ARM64.Build.0 = Debug|Any CPU
		{BF022716-5776-485D-A5CE-D3B9AB51C2F5}.Debug|x64.ActiveCfg = Debug|Any CPU
		{BF022716-5776-485D-A5CE-D3B9AB51C2F5}.Debug|x64.Build.0 = Debug|Any CPU
		{BF022716-5776-485D-A5CE-D3B9AB51C2F5}.Debug|x86.ActiveCfg = Debug|Any CPU
		{BF022716-5776-485D-A5CE-D3B9AB51C2F5}.Debug|x86.Build.0 = Debug|Any CPU
		{BF022716-5776-485D-A5CE-D3B9AB51C2F5}.Release|Any CPU.ActiveCfg = Release|Any CPU
		{BF022716-5776-485D-A5CE-D3B9AB51C2F5}.Release|Any CPU.Build.0 = Release|Any CPU
		{BF022716-5776-485D-A5CE-D3B9AB51C2F5}.Release|ARM.ActiveCfg = Release|Any CPU
		{BF022716-5776-485D-A5CE-D3B9AB51C2F5}.Release|ARM.Build.0 = Release|Any CPU
		{BF022716-5776-485D-A5CE-D3B9AB51C2F5}.Release|ARM64.ActiveCfg = Release|Any CPU
		{BF022716-5776-485D-A5CE-D3B9AB51C2F5}.Release|ARM64.Build.0 = Release|Any CPU
		{BF022716-5776-485D-A5CE-D3B9AB51C2F5}.Release|x64.ActiveCfg = Release|Any CPU
		{BF022716-5776-485D-A5CE-D3B9AB51C2F5}.Release|x64.Build.0 = Release|Any CPU
		{BF022716-5776-485D-A5CE-D3B9AB51C2F5}.Release|x86.ActiveCfg = Release|Any CPU
		{BF022716-5776-485D-A5CE-D3B9AB51C2F5}.Release|x86.Build.0 = Release|Any CPU
		{2ADF24E8-1F5C-479E-9E51-7D92450F803C}.Debug|Any CPU.ActiveCfg = Debug|Any CPU
		{2ADF24E8-1F5C-479E-9E51-7D92450F803C}.Debug|Any CPU.Build.0 = Debug|Any CPU
		{2ADF24E8-1F5C-479E-9E51-7D92450F803C}.Debug|ARM.ActiveCfg = Debug|Any CPU
		{2ADF24E8-1F5C-479E-9E51-7D92450F803C}.Debug|ARM.Build.0 = Debug|Any CPU
		{2ADF24E8-1F5C-479E-9E51-7D92450F803C}.Debug|ARM64.ActiveCfg = Debug|Any CPU
		{2ADF24E8-1F5C-479E-9E51-7D92450F803C}.Debug|ARM64.Build.0 = Debug|Any CPU
		{2ADF24E8-1F5C-479E-9E51-7D92450F803C}.Debug|x64.ActiveCfg = Debug|Any CPU
		{2ADF24E8-1F5C-479E-9E51-7D92450F803C}.Debug|x64.Build.0 = Debug|Any CPU
		{2ADF24E8-1F5C-479E-9E51-7D92450F803C}.Debug|x86.ActiveCfg = Debug|Any CPU
		{2ADF24E8-1F5C-479E-9E51-7D92450F803C}.Debug|x86.Build.0 = Debug|Any CPU
		{2ADF24E8-1F5C-479E-9E51-7D92450F803C}.Release|Any CPU.ActiveCfg = Release|Any CPU
		{2ADF24E8-1F5C-479E-9E51-7D92450F803C}.Release|Any CPU.Build.0 = Release|Any CPU
		{2ADF24E8-1F5C-479E-9E51-7D92450F803C}.Release|ARM.ActiveCfg = Release|Any CPU
		{2ADF24E8-1F5C-479E-9E51-7D92450F803C}.Release|ARM.Build.0 = Release|Any CPU
		{2ADF24E8-1F5C-479E-9E51-7D92450F803C}.Release|ARM64.ActiveCfg = Release|Any CPU
		{2ADF24E8-1F5C-479E-9E51-7D92450F803C}.Release|ARM64.Build.0 = Release|Any CPU
		{2ADF24E8-1F5C-479E-9E51-7D92450F803C}.Release|x64.ActiveCfg = Release|Any CPU
		{2ADF24E8-1F5C-479E-9E51-7D92450F803C}.Release|x64.Build.0 = Release|Any CPU
		{2ADF24E8-1F5C-479E-9E51-7D92450F803C}.Release|x86.ActiveCfg = Release|Any CPU
		{2ADF24E8-1F5C-479E-9E51-7D92450F803C}.Release|x86.Build.0 = Release|Any CPU
		{33423ADC-AB74-4234-B25C-C35E17FC8C7E}.Debug|Any CPU.ActiveCfg = Debug|Any CPU
		{33423ADC-AB74-4234-B25C-C35E17FC8C7E}.Debug|Any CPU.Build.0 = Debug|Any CPU
		{33423ADC-AB74-4234-B25C-C35E17FC8C7E}.Debug|ARM.ActiveCfg = Debug|Any CPU
		{33423ADC-AB74-4234-B25C-C35E17FC8C7E}.Debug|ARM.Build.0 = Debug|Any CPU
		{33423ADC-AB74-4234-B25C-C35E17FC8C7E}.Debug|ARM64.ActiveCfg = Debug|Any CPU
		{33423ADC-AB74-4234-B25C-C35E17FC8C7E}.Debug|ARM64.Build.0 = Debug|Any CPU
		{33423ADC-AB74-4234-B25C-C35E17FC8C7E}.Debug|x64.ActiveCfg = Debug|Any CPU
		{33423ADC-AB74-4234-B25C-C35E17FC8C7E}.Debug|x64.Build.0 = Debug|Any CPU
		{33423ADC-AB74-4234-B25C-C35E17FC8C7E}.Debug|x86.ActiveCfg = Debug|Any CPU
		{33423ADC-AB74-4234-B25C-C35E17FC8C7E}.Debug|x86.Build.0 = Debug|Any CPU
		{33423ADC-AB74-4234-B25C-C35E17FC8C7E}.Release|Any CPU.ActiveCfg = Release|Any CPU
		{33423ADC-AB74-4234-B25C-C35E17FC8C7E}.Release|Any CPU.Build.0 = Release|Any CPU
		{33423ADC-AB74-4234-B25C-C35E17FC8C7E}.Release|ARM.ActiveCfg = Release|Any CPU
		{33423ADC-AB74-4234-B25C-C35E17FC8C7E}.Release|ARM.Build.0 = Release|Any CPU
		{33423ADC-AB74-4234-B25C-C35E17FC8C7E}.Release|ARM64.ActiveCfg = Release|Any CPU
		{33423ADC-AB74-4234-B25C-C35E17FC8C7E}.Release|ARM64.Build.0 = Release|Any CPU
		{33423ADC-AB74-4234-B25C-C35E17FC8C7E}.Release|x64.ActiveCfg = Release|Any CPU
		{33423ADC-AB74-4234-B25C-C35E17FC8C7E}.Release|x64.Build.0 = Release|Any CPU
		{33423ADC-AB74-4234-B25C-C35E17FC8C7E}.Release|x86.ActiveCfg = Release|Any CPU
		{33423ADC-AB74-4234-B25C-C35E17FC8C7E}.Release|x86.Build.0 = Release|Any CPU
		{C61DA5F8-B260-48B8-8F66-AC04CB31D545}.Debug|Any CPU.ActiveCfg = Debug|Any CPU
		{C61DA5F8-B260-48B8-8F66-AC04CB31D545}.Debug|Any CPU.Build.0 = Debug|Any CPU
		{C61DA5F8-B260-48B8-8F66-AC04CB31D545}.Debug|ARM.ActiveCfg = Debug|Any CPU
		{C61DA5F8-B260-48B8-8F66-AC04CB31D545}.Debug|ARM.Build.0 = Debug|Any CPU
		{C61DA5F8-B260-48B8-8F66-AC04CB31D545}.Debug|ARM64.ActiveCfg = Debug|Any CPU
		{C61DA5F8-B260-48B8-8F66-AC04CB31D545}.Debug|ARM64.Build.0 = Debug|Any CPU
		{C61DA5F8-B260-48B8-8F66-AC04CB31D545}.Debug|x64.ActiveCfg = Debug|Any CPU
		{C61DA5F8-B260-48B8-8F66-AC04CB31D545}.Debug|x64.Build.0 = Debug|Any CPU
		{C61DA5F8-B260-48B8-8F66-AC04CB31D545}.Debug|x86.ActiveCfg = Debug|Any CPU
		{C61DA5F8-B260-48B8-8F66-AC04CB31D545}.Debug|x86.Build.0 = Debug|Any CPU
		{C61DA5F8-B260-48B8-8F66-AC04CB31D545}.Release|Any CPU.ActiveCfg = Release|Any CPU
		{C61DA5F8-B260-48B8-8F66-AC04CB31D545}.Release|Any CPU.Build.0 = Release|Any CPU
		{C61DA5F8-B260-48B8-8F66-AC04CB31D545}.Release|ARM.ActiveCfg = Release|Any CPU
		{C61DA5F8-B260-48B8-8F66-AC04CB31D545}.Release|ARM.Build.0 = Release|Any CPU
		{C61DA5F8-B260-48B8-8F66-AC04CB31D545}.Release|ARM64.ActiveCfg = Release|Any CPU
		{C61DA5F8-B260-48B8-8F66-AC04CB31D545}.Release|ARM64.Build.0 = Release|Any CPU
		{C61DA5F8-B260-48B8-8F66-AC04CB31D545}.Release|x64.ActiveCfg = Release|Any CPU
		{C61DA5F8-B260-48B8-8F66-AC04CB31D545}.Release|x64.Build.0 = Release|Any CPU
		{C61DA5F8-B260-48B8-8F66-AC04CB31D545}.Release|x86.ActiveCfg = Release|Any CPU
		{C61DA5F8-B260-48B8-8F66-AC04CB31D545}.Release|x86.Build.0 = Release|Any CPU
		{AD78C7BD-E49B-41B6-8960-E8CF7356ECB7}.Debug|Any CPU.ActiveCfg = Debug|Any CPU
		{AD78C7BD-E49B-41B6-8960-E8CF7356ECB7}.Debug|Any CPU.Build.0 = Debug|Any CPU
		{AD78C7BD-E49B-41B6-8960-E8CF7356ECB7}.Debug|ARM.ActiveCfg = Debug|Any CPU
		{AD78C7BD-E49B-41B6-8960-E8CF7356ECB7}.Debug|ARM.Build.0 = Debug|Any CPU
		{AD78C7BD-E49B-41B6-8960-E8CF7356ECB7}.Debug|ARM64.ActiveCfg = Debug|Any CPU
		{AD78C7BD-E49B-41B6-8960-E8CF7356ECB7}.Debug|ARM64.Build.0 = Debug|Any CPU
		{AD78C7BD-E49B-41B6-8960-E8CF7356ECB7}.Debug|x64.ActiveCfg = Debug|Any CPU
		{AD78C7BD-E49B-41B6-8960-E8CF7356ECB7}.Debug|x64.Build.0 = Debug|Any CPU
		{AD78C7BD-E49B-41B6-8960-E8CF7356ECB7}.Debug|x86.ActiveCfg = Debug|Any CPU
		{AD78C7BD-E49B-41B6-8960-E8CF7356ECB7}.Debug|x86.Build.0 = Debug|Any CPU
		{AD78C7BD-E49B-41B6-8960-E8CF7356ECB7}.Release|Any CPU.ActiveCfg = Release|Any CPU
		{AD78C7BD-E49B-41B6-8960-E8CF7356ECB7}.Release|Any CPU.Build.0 = Release|Any CPU
		{AD78C7BD-E49B-41B6-8960-E8CF7356ECB7}.Release|ARM.ActiveCfg = Release|Any CPU
		{AD78C7BD-E49B-41B6-8960-E8CF7356ECB7}.Release|ARM.Build.0 = Release|Any CPU
		{AD78C7BD-E49B-41B6-8960-E8CF7356ECB7}.Release|ARM64.ActiveCfg = Release|Any CPU
		{AD78C7BD-E49B-41B6-8960-E8CF7356ECB7}.Release|ARM64.Build.0 = Release|Any CPU
		{AD78C7BD-E49B-41B6-8960-E8CF7356ECB7}.Release|x64.ActiveCfg = Release|Any CPU
		{AD78C7BD-E49B-41B6-8960-E8CF7356ECB7}.Release|x64.Build.0 = Release|Any CPU
		{AD78C7BD-E49B-41B6-8960-E8CF7356ECB7}.Release|x86.ActiveCfg = Release|Any CPU
		{AD78C7BD-E49B-41B6-8960-E8CF7356ECB7}.Release|x86.Build.0 = Release|Any CPU
		{2586F92D-44F1-403E-8132-21F421D1E2EE}.Debug|Any CPU.ActiveCfg = Debug|Any CPU
		{2586F92D-44F1-403E-8132-21F421D1E2EE}.Debug|Any CPU.Build.0 = Debug|Any CPU
		{2586F92D-44F1-403E-8132-21F421D1E2EE}.Debug|ARM.ActiveCfg = Debug|Any CPU
		{2586F92D-44F1-403E-8132-21F421D1E2EE}.Debug|ARM.Build.0 = Debug|Any CPU
		{2586F92D-44F1-403E-8132-21F421D1E2EE}.Debug|ARM64.ActiveCfg = Debug|Any CPU
		{2586F92D-44F1-403E-8132-21F421D1E2EE}.Debug|ARM64.Build.0 = Debug|Any CPU
		{2586F92D-44F1-403E-8132-21F421D1E2EE}.Debug|x64.ActiveCfg = Debug|Any CPU
		{2586F92D-44F1-403E-8132-21F421D1E2EE}.Debug|x64.Build.0 = Debug|Any CPU
		{2586F92D-44F1-403E-8132-21F421D1E2EE}.Debug|x86.ActiveCfg = Debug|Any CPU
		{2586F92D-44F1-403E-8132-21F421D1E2EE}.Debug|x86.Build.0 = Debug|Any CPU
		{2586F92D-44F1-403E-8132-21F421D1E2EE}.Release|Any CPU.ActiveCfg = Release|Any CPU
		{2586F92D-44F1-403E-8132-21F421D1E2EE}.Release|Any CPU.Build.0 = Release|Any CPU
		{2586F92D-44F1-403E-8132-21F421D1E2EE}.Release|ARM.ActiveCfg = Release|Any CPU
		{2586F92D-44F1-403E-8132-21F421D1E2EE}.Release|ARM.Build.0 = Release|Any CPU
		{2586F92D-44F1-403E-8132-21F421D1E2EE}.Release|ARM64.ActiveCfg = Release|Any CPU
		{2586F92D-44F1-403E-8132-21F421D1E2EE}.Release|ARM64.Build.0 = Release|Any CPU
		{2586F92D-44F1-403E-8132-21F421D1E2EE}.Release|x64.ActiveCfg = Release|Any CPU
		{2586F92D-44F1-403E-8132-21F421D1E2EE}.Release|x64.Build.0 = Release|Any CPU
		{2586F92D-44F1-403E-8132-21F421D1E2EE}.Release|x86.ActiveCfg = Release|Any CPU
		{2586F92D-44F1-403E-8132-21F421D1E2EE}.Release|x86.Build.0 = Release|Any CPU
		{7A84FFA7-2804-4521-BDCB-8AF405B45269}.Debug|Any CPU.ActiveCfg = Debug|Any CPU
		{7A84FFA7-2804-4521-BDCB-8AF405B45269}.Debug|Any CPU.Build.0 = Debug|Any CPU
		{7A84FFA7-2804-4521-BDCB-8AF405B45269}.Debug|ARM.ActiveCfg = Debug|Any CPU
		{7A84FFA7-2804-4521-BDCB-8AF405B45269}.Debug|ARM.Build.0 = Debug|Any CPU
		{7A84FFA7-2804-4521-BDCB-8AF405B45269}.Debug|ARM64.ActiveCfg = Debug|Any CPU
		{7A84FFA7-2804-4521-BDCB-8AF405B45269}.Debug|ARM64.Build.0 = Debug|Any CPU
		{7A84FFA7-2804-4521-BDCB-8AF405B45269}.Debug|x64.ActiveCfg = Debug|Any CPU
		{7A84FFA7-2804-4521-BDCB-8AF405B45269}.Debug|x64.Build.0 = Debug|Any CPU
		{7A84FFA7-2804-4521-BDCB-8AF405B45269}.Debug|x86.ActiveCfg = Debug|Any CPU
		{7A84FFA7-2804-4521-BDCB-8AF405B45269}.Debug|x86.Build.0 = Debug|Any CPU
		{7A84FFA7-2804-4521-BDCB-8AF405B45269}.Release|Any CPU.ActiveCfg = Release|Any CPU
		{7A84FFA7-2804-4521-BDCB-8AF405B45269}.Release|Any CPU.Build.0 = Release|Any CPU
		{7A84FFA7-2804-4521-BDCB-8AF405B45269}.Release|ARM.ActiveCfg = Release|Any CPU
		{7A84FFA7-2804-4521-BDCB-8AF405B45269}.Release|ARM.Build.0 = Release|Any CPU
		{7A84FFA7-2804-4521-BDCB-8AF405B45269}.Release|ARM64.ActiveCfg = Release|Any CPU
		{7A84FFA7-2804-4521-BDCB-8AF405B45269}.Release|ARM64.Build.0 = Release|Any CPU
		{7A84FFA7-2804-4521-BDCB-8AF405B45269}.Release|x64.ActiveCfg = Release|Any CPU
		{7A84FFA7-2804-4521-BDCB-8AF405B45269}.Release|x64.Build.0 = Release|Any CPU
		{7A84FFA7-2804-4521-BDCB-8AF405B45269}.Release|x86.ActiveCfg = Release|Any CPU
		{7A84FFA7-2804-4521-BDCB-8AF405B45269}.Release|x86.Build.0 = Release|Any CPU
		{9970BDBF-7F11-4F0F-AE19-51B4D3D4B513}.Debug|Any CPU.ActiveCfg = Debug|Any CPU
		{9970BDBF-7F11-4F0F-AE19-51B4D3D4B513}.Debug|Any CPU.Build.0 = Debug|Any CPU
		{9970BDBF-7F11-4F0F-AE19-51B4D3D4B513}.Debug|ARM.ActiveCfg = Debug|Any CPU
		{9970BDBF-7F11-4F0F-AE19-51B4D3D4B513}.Debug|ARM.Build.0 = Debug|Any CPU
		{9970BDBF-7F11-4F0F-AE19-51B4D3D4B513}.Debug|ARM64.ActiveCfg = Debug|Any CPU
		{9970BDBF-7F11-4F0F-AE19-51B4D3D4B513}.Debug|ARM64.Build.0 = Debug|Any CPU
		{9970BDBF-7F11-4F0F-AE19-51B4D3D4B513}.Debug|x64.ActiveCfg = Debug|Any CPU
		{9970BDBF-7F11-4F0F-AE19-51B4D3D4B513}.Debug|x64.Build.0 = Debug|Any CPU
		{9970BDBF-7F11-4F0F-AE19-51B4D3D4B513}.Debug|x86.ActiveCfg = Debug|Any CPU
		{9970BDBF-7F11-4F0F-AE19-51B4D3D4B513}.Debug|x86.Build.0 = Debug|Any CPU
		{9970BDBF-7F11-4F0F-AE19-51B4D3D4B513}.Release|Any CPU.ActiveCfg = Release|Any CPU
		{9970BDBF-7F11-4F0F-AE19-51B4D3D4B513}.Release|Any CPU.Build.0 = Release|Any CPU
		{9970BDBF-7F11-4F0F-AE19-51B4D3D4B513}.Release|ARM.ActiveCfg = Release|Any CPU
		{9970BDBF-7F11-4F0F-AE19-51B4D3D4B513}.Release|ARM.Build.0 = Release|Any CPU
		{9970BDBF-7F11-4F0F-AE19-51B4D3D4B513}.Release|ARM64.ActiveCfg = Release|Any CPU
		{9970BDBF-7F11-4F0F-AE19-51B4D3D4B513}.Release|ARM64.Build.0 = Release|Any CPU
		{9970BDBF-7F11-4F0F-AE19-51B4D3D4B513}.Release|x64.ActiveCfg = Release|Any CPU
		{9970BDBF-7F11-4F0F-AE19-51B4D3D4B513}.Release|x64.Build.0 = Release|Any CPU
		{9970BDBF-7F11-4F0F-AE19-51B4D3D4B513}.Release|x86.ActiveCfg = Release|Any CPU
		{9970BDBF-7F11-4F0F-AE19-51B4D3D4B513}.Release|x86.Build.0 = Release|Any CPU
		{D4ED290B-C000-46BD-8A37-3E6A09185451}.Debug|Any CPU.ActiveCfg = Debug|Any CPU
		{D4ED290B-C000-46BD-8A37-3E6A09185451}.Debug|Any CPU.Build.0 = Debug|Any CPU
		{D4ED290B-C000-46BD-8A37-3E6A09185451}.Debug|ARM.ActiveCfg = Debug|Any CPU
		{D4ED290B-C000-46BD-8A37-3E6A09185451}.Debug|ARM.Build.0 = Debug|Any CPU
		{D4ED290B-C000-46BD-8A37-3E6A09185451}.Debug|ARM64.ActiveCfg = Debug|Any CPU
		{D4ED290B-C000-46BD-8A37-3E6A09185451}.Debug|ARM64.Build.0 = Debug|Any CPU
		{D4ED290B-C000-46BD-8A37-3E6A09185451}.Debug|x64.ActiveCfg = Debug|Any CPU
		{D4ED290B-C000-46BD-8A37-3E6A09185451}.Debug|x64.Build.0 = Debug|Any CPU
		{D4ED290B-C000-46BD-8A37-3E6A09185451}.Debug|x86.ActiveCfg = Debug|Any CPU
		{D4ED290B-C000-46BD-8A37-3E6A09185451}.Debug|x86.Build.0 = Debug|Any CPU
		{D4ED290B-C000-46BD-8A37-3E6A09185451}.Release|Any CPU.ActiveCfg = Release|Any CPU
		{D4ED290B-C000-46BD-8A37-3E6A09185451}.Release|Any CPU.Build.0 = Release|Any CPU
		{D4ED290B-C000-46BD-8A37-3E6A09185451}.Release|ARM.ActiveCfg = Release|Any CPU
		{D4ED290B-C000-46BD-8A37-3E6A09185451}.Release|ARM.Build.0 = Release|Any CPU
		{D4ED290B-C000-46BD-8A37-3E6A09185451}.Release|ARM64.ActiveCfg = Release|Any CPU
		{D4ED290B-C000-46BD-8A37-3E6A09185451}.Release|ARM64.Build.0 = Release|Any CPU
		{D4ED290B-C000-46BD-8A37-3E6A09185451}.Release|x64.ActiveCfg = Release|Any CPU
		{D4ED290B-C000-46BD-8A37-3E6A09185451}.Release|x64.Build.0 = Release|Any CPU
		{D4ED290B-C000-46BD-8A37-3E6A09185451}.Release|x86.ActiveCfg = Release|Any CPU
		{D4ED290B-C000-46BD-8A37-3E6A09185451}.Release|x86.Build.0 = Release|Any CPU
		{E5DFA501-3EC4-4AAA-BC43-8CECB70F8234}.Debug|Any CPU.ActiveCfg = Debug|Any CPU
		{E5DFA501-3EC4-4AAA-BC43-8CECB70F8234}.Debug|Any CPU.Build.0 = Debug|Any CPU
		{E5DFA501-3EC4-4AAA-BC43-8CECB70F8234}.Debug|ARM.ActiveCfg = Debug|Any CPU
		{E5DFA501-3EC4-4AAA-BC43-8CECB70F8234}.Debug|ARM.Build.0 = Debug|Any CPU
		{E5DFA501-3EC4-4AAA-BC43-8CECB70F8234}.Debug|ARM64.ActiveCfg = Debug|Any CPU
		{E5DFA501-3EC4-4AAA-BC43-8CECB70F8234}.Debug|ARM64.Build.0 = Debug|Any CPU
		{E5DFA501-3EC4-4AAA-BC43-8CECB70F8234}.Debug|x64.ActiveCfg = Debug|Any CPU
		{E5DFA501-3EC4-4AAA-BC43-8CECB70F8234}.Debug|x64.Build.0 = Debug|Any CPU
		{E5DFA501-3EC4-4AAA-BC43-8CECB70F8234}.Debug|x86.ActiveCfg = Debug|Any CPU
		{E5DFA501-3EC4-4AAA-BC43-8CECB70F8234}.Debug|x86.Build.0 = Debug|Any CPU
		{E5DFA501-3EC4-4AAA-BC43-8CECB70F8234}.Release|Any CPU.ActiveCfg = Release|Any CPU
		{E5DFA501-3EC4-4AAA-BC43-8CECB70F8234}.Release|Any CPU.Build.0 = Release|Any CPU
		{E5DFA501-3EC4-4AAA-BC43-8CECB70F8234}.Release|ARM.ActiveCfg = Release|Any CPU
		{E5DFA501-3EC4-4AAA-BC43-8CECB70F8234}.Release|ARM.Build.0 = Release|Any CPU
		{E5DFA501-3EC4-4AAA-BC43-8CECB70F8234}.Release|ARM64.ActiveCfg = Release|Any CPU
		{E5DFA501-3EC4-4AAA-BC43-8CECB70F8234}.Release|ARM64.Build.0 = Release|Any CPU
		{E5DFA501-3EC4-4AAA-BC43-8CECB70F8234}.Release|x64.ActiveCfg = Release|Any CPU
		{E5DFA501-3EC4-4AAA-BC43-8CECB70F8234}.Release|x64.Build.0 = Release|Any CPU
		{E5DFA501-3EC4-4AAA-BC43-8CECB70F8234}.Release|x86.ActiveCfg = Release|Any CPU
		{E5DFA501-3EC4-4AAA-BC43-8CECB70F8234}.Release|x86.Build.0 = Release|Any CPU
		{F33720A7-ECCA-4D6C-866A-CC89C6859A12}.Debug|Any CPU.ActiveCfg = Debug|Any CPU
		{F33720A7-ECCA-4D6C-866A-CC89C6859A12}.Debug|Any CPU.Build.0 = Debug|Any CPU
		{F33720A7-ECCA-4D6C-866A-CC89C6859A12}.Debug|ARM.ActiveCfg = Debug|Any CPU
		{F33720A7-ECCA-4D6C-866A-CC89C6859A12}.Debug|ARM.Build.0 = Debug|Any CPU
		{F33720A7-ECCA-4D6C-866A-CC89C6859A12}.Debug|ARM64.ActiveCfg = Debug|Any CPU
		{F33720A7-ECCA-4D6C-866A-CC89C6859A12}.Debug|ARM64.Build.0 = Debug|Any CPU
		{F33720A7-ECCA-4D6C-866A-CC89C6859A12}.Debug|x64.ActiveCfg = Debug|Any CPU
		{F33720A7-ECCA-4D6C-866A-CC89C6859A12}.Debug|x64.Build.0 = Debug|Any CPU
		{F33720A7-ECCA-4D6C-866A-CC89C6859A12}.Debug|x86.ActiveCfg = Debug|Any CPU
		{F33720A7-ECCA-4D6C-866A-CC89C6859A12}.Debug|x86.Build.0 = Debug|Any CPU
		{F33720A7-ECCA-4D6C-866A-CC89C6859A12}.Release|Any CPU.ActiveCfg = Release|Any CPU
		{F33720A7-ECCA-4D6C-866A-CC89C6859A12}.Release|Any CPU.Build.0 = Release|Any CPU
		{F33720A7-ECCA-4D6C-866A-CC89C6859A12}.Release|ARM.ActiveCfg = Release|Any CPU
		{F33720A7-ECCA-4D6C-866A-CC89C6859A12}.Release|ARM.Build.0 = Release|Any CPU
		{F33720A7-ECCA-4D6C-866A-CC89C6859A12}.Release|ARM64.ActiveCfg = Release|Any CPU
		{F33720A7-ECCA-4D6C-866A-CC89C6859A12}.Release|ARM64.Build.0 = Release|Any CPU
		{F33720A7-ECCA-4D6C-866A-CC89C6859A12}.Release|x64.ActiveCfg = Release|Any CPU
		{F33720A7-ECCA-4D6C-866A-CC89C6859A12}.Release|x64.Build.0 = Release|Any CPU
		{F33720A7-ECCA-4D6C-866A-CC89C6859A12}.Release|x86.ActiveCfg = Release|Any CPU
		{F33720A7-ECCA-4D6C-866A-CC89C6859A12}.Release|x86.Build.0 = Release|Any CPU
		{51432C47-C689-4BE0-94C9-6EE900C10F30}.Debug|Any CPU.ActiveCfg = Debug|Any CPU
		{51432C47-C689-4BE0-94C9-6EE900C10F30}.Debug|Any CPU.Build.0 = Debug|Any CPU
		{51432C47-C689-4BE0-94C9-6EE900C10F30}.Debug|ARM.ActiveCfg = Debug|Any CPU
		{51432C47-C689-4BE0-94C9-6EE900C10F30}.Debug|ARM.Build.0 = Debug|Any CPU
		{51432C47-C689-4BE0-94C9-6EE900C10F30}.Debug|ARM64.ActiveCfg = Debug|Any CPU
		{51432C47-C689-4BE0-94C9-6EE900C10F30}.Debug|ARM64.Build.0 = Debug|Any CPU
		{51432C47-C689-4BE0-94C9-6EE900C10F30}.Debug|x64.ActiveCfg = Debug|Any CPU
		{51432C47-C689-4BE0-94C9-6EE900C10F30}.Debug|x64.Build.0 = Debug|Any CPU
		{51432C47-C689-4BE0-94C9-6EE900C10F30}.Debug|x86.ActiveCfg = Debug|Any CPU
		{51432C47-C689-4BE0-94C9-6EE900C10F30}.Debug|x86.Build.0 = Debug|Any CPU
		{51432C47-C689-4BE0-94C9-6EE900C10F30}.Release|Any CPU.ActiveCfg = Release|Any CPU
		{51432C47-C689-4BE0-94C9-6EE900C10F30}.Release|Any CPU.Build.0 = Release|Any CPU
		{51432C47-C689-4BE0-94C9-6EE900C10F30}.Release|ARM.ActiveCfg = Release|Any CPU
		{51432C47-C689-4BE0-94C9-6EE900C10F30}.Release|ARM.Build.0 = Release|Any CPU
		{51432C47-C689-4BE0-94C9-6EE900C10F30}.Release|ARM64.ActiveCfg = Release|Any CPU
		{51432C47-C689-4BE0-94C9-6EE900C10F30}.Release|ARM64.Build.0 = Release|Any CPU
		{51432C47-C689-4BE0-94C9-6EE900C10F30}.Release|x64.ActiveCfg = Release|Any CPU
		{51432C47-C689-4BE0-94C9-6EE900C10F30}.Release|x64.Build.0 = Release|Any CPU
		{51432C47-C689-4BE0-94C9-6EE900C10F30}.Release|x86.ActiveCfg = Release|Any CPU
		{51432C47-C689-4BE0-94C9-6EE900C10F30}.Release|x86.Build.0 = Release|Any CPU
		{79A4AE9F-C3EA-448F-9437-433AB1DF7A8C}.Debug|Any CPU.ActiveCfg = Debug|Any CPU
		{79A4AE9F-C3EA-448F-9437-433AB1DF7A8C}.Debug|Any CPU.Build.0 = Debug|Any CPU
		{79A4AE9F-C3EA-448F-9437-433AB1DF7A8C}.Debug|ARM.ActiveCfg = Debug|Any CPU
		{79A4AE9F-C3EA-448F-9437-433AB1DF7A8C}.Debug|ARM.Build.0 = Debug|Any CPU
		{79A4AE9F-C3EA-448F-9437-433AB1DF7A8C}.Debug|ARM64.ActiveCfg = Debug|Any CPU
		{79A4AE9F-C3EA-448F-9437-433AB1DF7A8C}.Debug|ARM64.Build.0 = Debug|Any CPU
		{79A4AE9F-C3EA-448F-9437-433AB1DF7A8C}.Debug|x64.ActiveCfg = Debug|Any CPU
		{79A4AE9F-C3EA-448F-9437-433AB1DF7A8C}.Debug|x64.Build.0 = Debug|Any CPU
		{79A4AE9F-C3EA-448F-9437-433AB1DF7A8C}.Debug|x86.ActiveCfg = Debug|Any CPU
		{79A4AE9F-C3EA-448F-9437-433AB1DF7A8C}.Debug|x86.Build.0 = Debug|Any CPU
		{79A4AE9F-C3EA-448F-9437-433AB1DF7A8C}.Release|Any CPU.ActiveCfg = Release|Any CPU
		{79A4AE9F-C3EA-448F-9437-433AB1DF7A8C}.Release|Any CPU.Build.0 = Release|Any CPU
		{79A4AE9F-C3EA-448F-9437-433AB1DF7A8C}.Release|ARM.ActiveCfg = Release|Any CPU
		{79A4AE9F-C3EA-448F-9437-433AB1DF7A8C}.Release|ARM.Build.0 = Release|Any CPU
		{79A4AE9F-C3EA-448F-9437-433AB1DF7A8C}.Release|ARM64.ActiveCfg = Release|Any CPU
		{79A4AE9F-C3EA-448F-9437-433AB1DF7A8C}.Release|ARM64.Build.0 = Release|Any CPU
		{79A4AE9F-C3EA-448F-9437-433AB1DF7A8C}.Release|x64.ActiveCfg = Release|Any CPU
		{79A4AE9F-C3EA-448F-9437-433AB1DF7A8C}.Release|x64.Build.0 = Release|Any CPU
		{79A4AE9F-C3EA-448F-9437-433AB1DF7A8C}.Release|x86.ActiveCfg = Release|Any CPU
		{79A4AE9F-C3EA-448F-9437-433AB1DF7A8C}.Release|x86.Build.0 = Release|Any CPU
		{B62688F8-2061-43F9-AE1B-0567F6EEF51C}.Debug|Any CPU.ActiveCfg = Debug|Any CPU
		{B62688F8-2061-43F9-AE1B-0567F6EEF51C}.Debug|Any CPU.Build.0 = Debug|Any CPU
		{B62688F8-2061-43F9-AE1B-0567F6EEF51C}.Debug|ARM.ActiveCfg = Debug|Any CPU
		{B62688F8-2061-43F9-AE1B-0567F6EEF51C}.Debug|ARM.Build.0 = Debug|Any CPU
		{B62688F8-2061-43F9-AE1B-0567F6EEF51C}.Debug|ARM64.ActiveCfg = Debug|Any CPU
		{B62688F8-2061-43F9-AE1B-0567F6EEF51C}.Debug|ARM64.Build.0 = Debug|Any CPU
		{B62688F8-2061-43F9-AE1B-0567F6EEF51C}.Debug|x64.ActiveCfg = Debug|Any CPU
		{B62688F8-2061-43F9-AE1B-0567F6EEF51C}.Debug|x64.Build.0 = Debug|Any CPU
		{B62688F8-2061-43F9-AE1B-0567F6EEF51C}.Debug|x86.ActiveCfg = Debug|Any CPU
		{B62688F8-2061-43F9-AE1B-0567F6EEF51C}.Debug|x86.Build.0 = Debug|Any CPU
		{B62688F8-2061-43F9-AE1B-0567F6EEF51C}.Release|Any CPU.ActiveCfg = Release|Any CPU
		{B62688F8-2061-43F9-AE1B-0567F6EEF51C}.Release|Any CPU.Build.0 = Release|Any CPU
		{B62688F8-2061-43F9-AE1B-0567F6EEF51C}.Release|ARM.ActiveCfg = Release|Any CPU
		{B62688F8-2061-43F9-AE1B-0567F6EEF51C}.Release|ARM.Build.0 = Release|Any CPU
		{B62688F8-2061-43F9-AE1B-0567F6EEF51C}.Release|ARM64.ActiveCfg = Release|Any CPU
		{B62688F8-2061-43F9-AE1B-0567F6EEF51C}.Release|ARM64.Build.0 = Release|Any CPU
		{B62688F8-2061-43F9-AE1B-0567F6EEF51C}.Release|x64.ActiveCfg = Release|Any CPU
		{B62688F8-2061-43F9-AE1B-0567F6EEF51C}.Release|x64.Build.0 = Release|Any CPU
		{B62688F8-2061-43F9-AE1B-0567F6EEF51C}.Release|x86.ActiveCfg = Release|Any CPU
		{B62688F8-2061-43F9-AE1B-0567F6EEF51C}.Release|x86.Build.0 = Release|Any CPU
		{E92E5D56-FA1C-445A-B810-D91795C1EC2C}.Debug|Any CPU.ActiveCfg = Debug|Any CPU
		{E92E5D56-FA1C-445A-B810-D91795C1EC2C}.Debug|Any CPU.Build.0 = Debug|Any CPU
		{E92E5D56-FA1C-445A-B810-D91795C1EC2C}.Debug|ARM.ActiveCfg = Debug|Any CPU
		{E92E5D56-FA1C-445A-B810-D91795C1EC2C}.Debug|ARM.Build.0 = Debug|Any CPU
		{E92E5D56-FA1C-445A-B810-D91795C1EC2C}.Debug|ARM64.ActiveCfg = Debug|Any CPU
		{E92E5D56-FA1C-445A-B810-D91795C1EC2C}.Debug|ARM64.Build.0 = Debug|Any CPU
		{E92E5D56-FA1C-445A-B810-D91795C1EC2C}.Debug|x64.ActiveCfg = Debug|Any CPU
		{E92E5D56-FA1C-445A-B810-D91795C1EC2C}.Debug|x64.Build.0 = Debug|Any CPU
		{E92E5D56-FA1C-445A-B810-D91795C1EC2C}.Debug|x86.ActiveCfg = Debug|Any CPU
		{E92E5D56-FA1C-445A-B810-D91795C1EC2C}.Debug|x86.Build.0 = Debug|Any CPU
		{E92E5D56-FA1C-445A-B810-D91795C1EC2C}.Release|Any CPU.ActiveCfg = Release|Any CPU
		{E92E5D56-FA1C-445A-B810-D91795C1EC2C}.Release|Any CPU.Build.0 = Release|Any CPU
		{E92E5D56-FA1C-445A-B810-D91795C1EC2C}.Release|ARM.ActiveCfg = Release|Any CPU
		{E92E5D56-FA1C-445A-B810-D91795C1EC2C}.Release|ARM.Build.0 = Release|Any CPU
		{E92E5D56-FA1C-445A-B810-D91795C1EC2C}.Release|ARM64.ActiveCfg = Release|Any CPU
		{E92E5D56-FA1C-445A-B810-D91795C1EC2C}.Release|ARM64.Build.0 = Release|Any CPU
		{E92E5D56-FA1C-445A-B810-D91795C1EC2C}.Release|x64.ActiveCfg = Release|Any CPU
		{E92E5D56-FA1C-445A-B810-D91795C1EC2C}.Release|x64.Build.0 = Release|Any CPU
		{E92E5D56-FA1C-445A-B810-D91795C1EC2C}.Release|x86.ActiveCfg = Release|Any CPU
		{E92E5D56-FA1C-445A-B810-D91795C1EC2C}.Release|x86.Build.0 = Release|Any CPU
		{BD2C9A42-F66B-4A00-8FA7-0049B73599E2}.Debug|Any CPU.ActiveCfg = Debug|Any CPU
		{BD2C9A42-F66B-4A00-8FA7-0049B73599E2}.Debug|Any CPU.Build.0 = Debug|Any CPU
		{BD2C9A42-F66B-4A00-8FA7-0049B73599E2}.Debug|ARM.ActiveCfg = Debug|Any CPU
		{BD2C9A42-F66B-4A00-8FA7-0049B73599E2}.Debug|ARM.Build.0 = Debug|Any CPU
		{BD2C9A42-F66B-4A00-8FA7-0049B73599E2}.Debug|ARM64.ActiveCfg = Debug|Any CPU
		{BD2C9A42-F66B-4A00-8FA7-0049B73599E2}.Debug|ARM64.Build.0 = Debug|Any CPU
		{BD2C9A42-F66B-4A00-8FA7-0049B73599E2}.Debug|x64.ActiveCfg = Debug|Any CPU
		{BD2C9A42-F66B-4A00-8FA7-0049B73599E2}.Debug|x64.Build.0 = Debug|Any CPU
		{BD2C9A42-F66B-4A00-8FA7-0049B73599E2}.Debug|x86.ActiveCfg = Debug|Any CPU
		{BD2C9A42-F66B-4A00-8FA7-0049B73599E2}.Debug|x86.Build.0 = Debug|Any CPU
		{BD2C9A42-F66B-4A00-8FA7-0049B73599E2}.Release|Any CPU.ActiveCfg = Release|Any CPU
		{BD2C9A42-F66B-4A00-8FA7-0049B73599E2}.Release|Any CPU.Build.0 = Release|Any CPU
		{BD2C9A42-F66B-4A00-8FA7-0049B73599E2}.Release|ARM.ActiveCfg = Release|Any CPU
		{BD2C9A42-F66B-4A00-8FA7-0049B73599E2}.Release|ARM.Build.0 = Release|Any CPU
		{BD2C9A42-F66B-4A00-8FA7-0049B73599E2}.Release|ARM64.ActiveCfg = Release|Any CPU
		{BD2C9A42-F66B-4A00-8FA7-0049B73599E2}.Release|ARM64.Build.0 = Release|Any CPU
		{BD2C9A42-F66B-4A00-8FA7-0049B73599E2}.Release|x64.ActiveCfg = Release|Any CPU
		{BD2C9A42-F66B-4A00-8FA7-0049B73599E2}.Release|x64.Build.0 = Release|Any CPU
		{BD2C9A42-F66B-4A00-8FA7-0049B73599E2}.Release|x86.ActiveCfg = Release|Any CPU
		{BD2C9A42-F66B-4A00-8FA7-0049B73599E2}.Release|x86.Build.0 = Release|Any CPU
		{6AD29ADB-434D-4DD8-B5D5-C02FBDFE94E8}.Debug|Any CPU.ActiveCfg = Debug|x86
		{6AD29ADB-434D-4DD8-B5D5-C02FBDFE94E8}.Debug|ARM.ActiveCfg = Debug|ARM
		{6AD29ADB-434D-4DD8-B5D5-C02FBDFE94E8}.Debug|ARM.Build.0 = Debug|ARM
		{6AD29ADB-434D-4DD8-B5D5-C02FBDFE94E8}.Debug|ARM.Deploy.0 = Debug|ARM
		{6AD29ADB-434D-4DD8-B5D5-C02FBDFE94E8}.Debug|ARM64.ActiveCfg = Debug|ARM64
		{6AD29ADB-434D-4DD8-B5D5-C02FBDFE94E8}.Debug|ARM64.Build.0 = Debug|ARM64
		{6AD29ADB-434D-4DD8-B5D5-C02FBDFE94E8}.Debug|ARM64.Deploy.0 = Debug|ARM64
		{6AD29ADB-434D-4DD8-B5D5-C02FBDFE94E8}.Debug|x64.ActiveCfg = Debug|x64
		{6AD29ADB-434D-4DD8-B5D5-C02FBDFE94E8}.Debug|x64.Build.0 = Debug|x64
		{6AD29ADB-434D-4DD8-B5D5-C02FBDFE94E8}.Debug|x64.Deploy.0 = Debug|x64
		{6AD29ADB-434D-4DD8-B5D5-C02FBDFE94E8}.Debug|x86.ActiveCfg = Debug|x86
		{6AD29ADB-434D-4DD8-B5D5-C02FBDFE94E8}.Debug|x86.Build.0 = Debug|x86
		{6AD29ADB-434D-4DD8-B5D5-C02FBDFE94E8}.Debug|x86.Deploy.0 = Debug|x86
		{6AD29ADB-434D-4DD8-B5D5-C02FBDFE94E8}.Release|Any CPU.ActiveCfg = Release|x86
		{6AD29ADB-434D-4DD8-B5D5-C02FBDFE94E8}.Release|ARM.ActiveCfg = Release|ARM
		{6AD29ADB-434D-4DD8-B5D5-C02FBDFE94E8}.Release|ARM.Build.0 = Release|ARM
		{6AD29ADB-434D-4DD8-B5D5-C02FBDFE94E8}.Release|ARM.Deploy.0 = Release|ARM
		{6AD29ADB-434D-4DD8-B5D5-C02FBDFE94E8}.Release|ARM64.ActiveCfg = Release|ARM64
		{6AD29ADB-434D-4DD8-B5D5-C02FBDFE94E8}.Release|ARM64.Build.0 = Release|ARM64
		{6AD29ADB-434D-4DD8-B5D5-C02FBDFE94E8}.Release|ARM64.Deploy.0 = Release|ARM64
		{6AD29ADB-434D-4DD8-B5D5-C02FBDFE94E8}.Release|x64.ActiveCfg = Release|x64
		{6AD29ADB-434D-4DD8-B5D5-C02FBDFE94E8}.Release|x64.Build.0 = Release|x64
		{6AD29ADB-434D-4DD8-B5D5-C02FBDFE94E8}.Release|x64.Deploy.0 = Release|x64
		{6AD29ADB-434D-4DD8-B5D5-C02FBDFE94E8}.Release|x86.ActiveCfg = Release|x86
		{6AD29ADB-434D-4DD8-B5D5-C02FBDFE94E8}.Release|x86.Build.0 = Release|x86
		{6AD29ADB-434D-4DD8-B5D5-C02FBDFE94E8}.Release|x86.Deploy.0 = Release|x86
		{5D13AE59-7357-40FF-B166-0F1872074469}.Debug|Any CPU.ActiveCfg = Debug|x86
		{5D13AE59-7357-40FF-B166-0F1872074469}.Debug|ARM.ActiveCfg = Debug|ARM
		{5D13AE59-7357-40FF-B166-0F1872074469}.Debug|ARM.Build.0 = Debug|ARM
		{5D13AE59-7357-40FF-B166-0F1872074469}.Debug|ARM.Deploy.0 = Debug|ARM
		{5D13AE59-7357-40FF-B166-0F1872074469}.Debug|ARM64.ActiveCfg = Debug|ARM64
		{5D13AE59-7357-40FF-B166-0F1872074469}.Debug|ARM64.Build.0 = Debug|ARM64
		{5D13AE59-7357-40FF-B166-0F1872074469}.Debug|ARM64.Deploy.0 = Debug|ARM64
		{5D13AE59-7357-40FF-B166-0F1872074469}.Debug|x64.ActiveCfg = Debug|x64
		{5D13AE59-7357-40FF-B166-0F1872074469}.Debug|x64.Build.0 = Debug|x64
		{5D13AE59-7357-40FF-B166-0F1872074469}.Debug|x64.Deploy.0 = Debug|x64
		{5D13AE59-7357-40FF-B166-0F1872074469}.Debug|x86.ActiveCfg = Debug|x86
		{5D13AE59-7357-40FF-B166-0F1872074469}.Debug|x86.Build.0 = Debug|x86
		{5D13AE59-7357-40FF-B166-0F1872074469}.Debug|x86.Deploy.0 = Debug|x86
		{5D13AE59-7357-40FF-B166-0F1872074469}.Release|Any CPU.ActiveCfg = Release|x86
		{5D13AE59-7357-40FF-B166-0F1872074469}.Release|ARM.ActiveCfg = Release|ARM
		{5D13AE59-7357-40FF-B166-0F1872074469}.Release|ARM.Build.0 = Release|ARM
		{5D13AE59-7357-40FF-B166-0F1872074469}.Release|ARM.Deploy.0 = Release|ARM
		{5D13AE59-7357-40FF-B166-0F1872074469}.Release|ARM64.ActiveCfg = Release|ARM64
		{5D13AE59-7357-40FF-B166-0F1872074469}.Release|ARM64.Build.0 = Release|ARM64
		{5D13AE59-7357-40FF-B166-0F1872074469}.Release|ARM64.Deploy.0 = Release|ARM64
		{5D13AE59-7357-40FF-B166-0F1872074469}.Release|x64.ActiveCfg = Release|x64
		{5D13AE59-7357-40FF-B166-0F1872074469}.Release|x64.Build.0 = Release|x64
		{5D13AE59-7357-40FF-B166-0F1872074469}.Release|x64.Deploy.0 = Release|x64
		{5D13AE59-7357-40FF-B166-0F1872074469}.Release|x86.ActiveCfg = Release|x86
		{5D13AE59-7357-40FF-B166-0F1872074469}.Release|x86.Build.0 = Release|x86
		{5D13AE59-7357-40FF-B166-0F1872074469}.Release|x86.Deploy.0 = Release|x86
		{CB001627-1AC5-4224-B662-60A82694A813}.Debug|Any CPU.ActiveCfg = Debug|x86
		{CB001627-1AC5-4224-B662-60A82694A813}.Debug|ARM.ActiveCfg = Debug|ARM
		{CB001627-1AC5-4224-B662-60A82694A813}.Debug|ARM.Build.0 = Debug|ARM
		{CB001627-1AC5-4224-B662-60A82694A813}.Debug|ARM.Deploy.0 = Debug|ARM
		{CB001627-1AC5-4224-B662-60A82694A813}.Debug|ARM64.ActiveCfg = Debug|ARM64
		{CB001627-1AC5-4224-B662-60A82694A813}.Debug|ARM64.Build.0 = Debug|ARM64
		{CB001627-1AC5-4224-B662-60A82694A813}.Debug|ARM64.Deploy.0 = Debug|ARM64
		{CB001627-1AC5-4224-B662-60A82694A813}.Debug|x64.ActiveCfg = Debug|x64
		{CB001627-1AC5-4224-B662-60A82694A813}.Debug|x64.Build.0 = Debug|x64
		{CB001627-1AC5-4224-B662-60A82694A813}.Debug|x64.Deploy.0 = Debug|x64
		{CB001627-1AC5-4224-B662-60A82694A813}.Debug|x86.ActiveCfg = Debug|x86
		{CB001627-1AC5-4224-B662-60A82694A813}.Debug|x86.Build.0 = Debug|x86
		{CB001627-1AC5-4224-B662-60A82694A813}.Debug|x86.Deploy.0 = Debug|x86
		{CB001627-1AC5-4224-B662-60A82694A813}.Release|Any CPU.ActiveCfg = Release|x86
		{CB001627-1AC5-4224-B662-60A82694A813}.Release|ARM.ActiveCfg = Release|ARM
		{CB001627-1AC5-4224-B662-60A82694A813}.Release|ARM.Build.0 = Release|ARM
		{CB001627-1AC5-4224-B662-60A82694A813}.Release|ARM.Deploy.0 = Release|ARM
		{CB001627-1AC5-4224-B662-60A82694A813}.Release|ARM64.ActiveCfg = Release|ARM64
		{CB001627-1AC5-4224-B662-60A82694A813}.Release|ARM64.Build.0 = Release|ARM64
		{CB001627-1AC5-4224-B662-60A82694A813}.Release|ARM64.Deploy.0 = Release|ARM64
		{CB001627-1AC5-4224-B662-60A82694A813}.Release|x64.ActiveCfg = Release|x64
		{CB001627-1AC5-4224-B662-60A82694A813}.Release|x64.Build.0 = Release|x64
		{CB001627-1AC5-4224-B662-60A82694A813}.Release|x64.Deploy.0 = Release|x64
		{CB001627-1AC5-4224-B662-60A82694A813}.Release|x86.ActiveCfg = Release|x86
		{CB001627-1AC5-4224-B662-60A82694A813}.Release|x86.Build.0 = Release|x86
		{CB001627-1AC5-4224-B662-60A82694A813}.Release|x86.Deploy.0 = Release|x86
		{BF013259-9668-41C6-9888-8152630D4C00}.Debug|Any CPU.ActiveCfg = Debug|Any CPU
		{BF013259-9668-41C6-9888-8152630D4C00}.Debug|Any CPU.Build.0 = Debug|Any CPU
		{BF013259-9668-41C6-9888-8152630D4C00}.Debug|ARM.ActiveCfg = Debug|Any CPU
		{BF013259-9668-41C6-9888-8152630D4C00}.Debug|ARM.Build.0 = Debug|Any CPU
		{BF013259-9668-41C6-9888-8152630D4C00}.Debug|ARM64.ActiveCfg = Debug|Any CPU
		{BF013259-9668-41C6-9888-8152630D4C00}.Debug|ARM64.Build.0 = Debug|Any CPU
		{BF013259-9668-41C6-9888-8152630D4C00}.Debug|x64.ActiveCfg = Debug|Any CPU
		{BF013259-9668-41C6-9888-8152630D4C00}.Debug|x64.Build.0 = Debug|Any CPU
		{BF013259-9668-41C6-9888-8152630D4C00}.Debug|x86.ActiveCfg = Debug|Any CPU
		{BF013259-9668-41C6-9888-8152630D4C00}.Debug|x86.Build.0 = Debug|Any CPU
		{BF013259-9668-41C6-9888-8152630D4C00}.Release|Any CPU.ActiveCfg = Release|Any CPU
		{BF013259-9668-41C6-9888-8152630D4C00}.Release|Any CPU.Build.0 = Release|Any CPU
		{BF013259-9668-41C6-9888-8152630D4C00}.Release|ARM.ActiveCfg = Release|Any CPU
		{BF013259-9668-41C6-9888-8152630D4C00}.Release|ARM.Build.0 = Release|Any CPU
		{BF013259-9668-41C6-9888-8152630D4C00}.Release|ARM64.ActiveCfg = Release|Any CPU
		{BF013259-9668-41C6-9888-8152630D4C00}.Release|ARM64.Build.0 = Release|Any CPU
		{BF013259-9668-41C6-9888-8152630D4C00}.Release|x64.ActiveCfg = Release|Any CPU
		{BF013259-9668-41C6-9888-8152630D4C00}.Release|x64.Build.0 = Release|Any CPU
		{BF013259-9668-41C6-9888-8152630D4C00}.Release|x86.ActiveCfg = Release|Any CPU
		{BF013259-9668-41C6-9888-8152630D4C00}.Release|x86.Build.0 = Release|Any CPU
		{87942213-F650-409B-BAAB-83CAB0BCFDF2}.Debug|Any CPU.ActiveCfg = Debug|Any CPU
		{87942213-F650-409B-BAAB-83CAB0BCFDF2}.Debug|Any CPU.Build.0 = Debug|Any CPU
		{87942213-F650-409B-BAAB-83CAB0BCFDF2}.Debug|ARM.ActiveCfg = Debug|Any CPU
		{87942213-F650-409B-BAAB-83CAB0BCFDF2}.Debug|ARM.Build.0 = Debug|Any CPU
		{87942213-F650-409B-BAAB-83CAB0BCFDF2}.Debug|ARM64.ActiveCfg = Debug|Any CPU
		{87942213-F650-409B-BAAB-83CAB0BCFDF2}.Debug|ARM64.Build.0 = Debug|Any CPU
		{87942213-F650-409B-BAAB-83CAB0BCFDF2}.Debug|x64.ActiveCfg = Debug|Any CPU
		{87942213-F650-409B-BAAB-83CAB0BCFDF2}.Debug|x64.Build.0 = Debug|Any CPU
		{87942213-F650-409B-BAAB-83CAB0BCFDF2}.Debug|x86.ActiveCfg = Debug|Any CPU
		{87942213-F650-409B-BAAB-83CAB0BCFDF2}.Debug|x86.Build.0 = Debug|Any CPU
		{87942213-F650-409B-BAAB-83CAB0BCFDF2}.Release|Any CPU.ActiveCfg = Release|Any CPU
		{87942213-F650-409B-BAAB-83CAB0BCFDF2}.Release|Any CPU.Build.0 = Release|Any CPU
		{87942213-F650-409B-BAAB-83CAB0BCFDF2}.Release|ARM.ActiveCfg = Release|Any CPU
		{87942213-F650-409B-BAAB-83CAB0BCFDF2}.Release|ARM.Build.0 = Release|Any CPU
		{87942213-F650-409B-BAAB-83CAB0BCFDF2}.Release|ARM64.ActiveCfg = Release|Any CPU
		{87942213-F650-409B-BAAB-83CAB0BCFDF2}.Release|ARM64.Build.0 = Release|Any CPU
		{87942213-F650-409B-BAAB-83CAB0BCFDF2}.Release|x64.ActiveCfg = Release|Any CPU
		{87942213-F650-409B-BAAB-83CAB0BCFDF2}.Release|x64.Build.0 = Release|Any CPU
		{87942213-F650-409B-BAAB-83CAB0BCFDF2}.Release|x86.ActiveCfg = Release|Any CPU
		{87942213-F650-409B-BAAB-83CAB0BCFDF2}.Release|x86.Build.0 = Release|Any CPU
		{0D77EE56-E90D-4C0A-BF75-70A0B4F60BBB}.Debug|Any CPU.ActiveCfg = Debug|x86
		{0D77EE56-E90D-4C0A-BF75-70A0B4F60BBB}.Debug|ARM.ActiveCfg = Debug|ARM
		{0D77EE56-E90D-4C0A-BF75-70A0B4F60BBB}.Debug|ARM.Build.0 = Debug|ARM
		{0D77EE56-E90D-4C0A-BF75-70A0B4F60BBB}.Debug|ARM.Deploy.0 = Debug|ARM
		{0D77EE56-E90D-4C0A-BF75-70A0B4F60BBB}.Debug|ARM64.ActiveCfg = Debug|ARM64
		{0D77EE56-E90D-4C0A-BF75-70A0B4F60BBB}.Debug|ARM64.Build.0 = Debug|ARM64
		{0D77EE56-E90D-4C0A-BF75-70A0B4F60BBB}.Debug|ARM64.Deploy.0 = Debug|ARM64
		{0D77EE56-E90D-4C0A-BF75-70A0B4F60BBB}.Debug|x64.ActiveCfg = Debug|x64
		{0D77EE56-E90D-4C0A-BF75-70A0B4F60BBB}.Debug|x64.Build.0 = Debug|x64
		{0D77EE56-E90D-4C0A-BF75-70A0B4F60BBB}.Debug|x64.Deploy.0 = Debug|x64
		{0D77EE56-E90D-4C0A-BF75-70A0B4F60BBB}.Debug|x86.ActiveCfg = Debug|x86
		{0D77EE56-E90D-4C0A-BF75-70A0B4F60BBB}.Debug|x86.Build.0 = Debug|x86
		{0D77EE56-E90D-4C0A-BF75-70A0B4F60BBB}.Debug|x86.Deploy.0 = Debug|x86
		{0D77EE56-E90D-4C0A-BF75-70A0B4F60BBB}.Release|Any CPU.ActiveCfg = Release|x86
		{0D77EE56-E90D-4C0A-BF75-70A0B4F60BBB}.Release|ARM.ActiveCfg = Release|ARM
		{0D77EE56-E90D-4C0A-BF75-70A0B4F60BBB}.Release|ARM.Build.0 = Release|ARM
		{0D77EE56-E90D-4C0A-BF75-70A0B4F60BBB}.Release|ARM.Deploy.0 = Release|ARM
		{0D77EE56-E90D-4C0A-BF75-70A0B4F60BBB}.Release|ARM64.ActiveCfg = Release|ARM64
		{0D77EE56-E90D-4C0A-BF75-70A0B4F60BBB}.Release|ARM64.Build.0 = Release|ARM64
		{0D77EE56-E90D-4C0A-BF75-70A0B4F60BBB}.Release|ARM64.Deploy.0 = Release|ARM64
		{0D77EE56-E90D-4C0A-BF75-70A0B4F60BBB}.Release|x64.ActiveCfg = Release|x64
		{0D77EE56-E90D-4C0A-BF75-70A0B4F60BBB}.Release|x64.Build.0 = Release|x64
		{0D77EE56-E90D-4C0A-BF75-70A0B4F60BBB}.Release|x64.Deploy.0 = Release|x64
		{0D77EE56-E90D-4C0A-BF75-70A0B4F60BBB}.Release|x86.ActiveCfg = Release|x86
		{0D77EE56-E90D-4C0A-BF75-70A0B4F60BBB}.Release|x86.Build.0 = Release|x86
		{0D77EE56-E90D-4C0A-BF75-70A0B4F60BBB}.Release|x86.Deploy.0 = Release|x86
		{A250B10F-0EE2-4F75-8775-F81F293B5B9D}.Debug|Any CPU.ActiveCfg = Debug|x86
		{A250B10F-0EE2-4F75-8775-F81F293B5B9D}.Debug|ARM.ActiveCfg = Debug|ARM
		{A250B10F-0EE2-4F75-8775-F81F293B5B9D}.Debug|ARM.Build.0 = Debug|ARM
		{A250B10F-0EE2-4F75-8775-F81F293B5B9D}.Debug|ARM.Deploy.0 = Debug|ARM
		{A250B10F-0EE2-4F75-8775-F81F293B5B9D}.Debug|ARM64.ActiveCfg = Debug|ARM64
		{A250B10F-0EE2-4F75-8775-F81F293B5B9D}.Debug|ARM64.Build.0 = Debug|ARM64
		{A250B10F-0EE2-4F75-8775-F81F293B5B9D}.Debug|ARM64.Deploy.0 = Debug|ARM64
		{A250B10F-0EE2-4F75-8775-F81F293B5B9D}.Debug|x64.ActiveCfg = Debug|x64
		{A250B10F-0EE2-4F75-8775-F81F293B5B9D}.Debug|x64.Build.0 = Debug|x64
		{A250B10F-0EE2-4F75-8775-F81F293B5B9D}.Debug|x64.Deploy.0 = Debug|x64
		{A250B10F-0EE2-4F75-8775-F81F293B5B9D}.Debug|x86.ActiveCfg = Debug|x86
		{A250B10F-0EE2-4F75-8775-F81F293B5B9D}.Debug|x86.Build.0 = Debug|x86
		{A250B10F-0EE2-4F75-8775-F81F293B5B9D}.Debug|x86.Deploy.0 = Debug|x86
		{A250B10F-0EE2-4F75-8775-F81F293B5B9D}.Release|Any CPU.ActiveCfg = Release|x86
		{A250B10F-0EE2-4F75-8775-F81F293B5B9D}.Release|ARM.ActiveCfg = Release|ARM
		{A250B10F-0EE2-4F75-8775-F81F293B5B9D}.Release|ARM.Build.0 = Release|ARM
		{A250B10F-0EE2-4F75-8775-F81F293B5B9D}.Release|ARM.Deploy.0 = Release|ARM
		{A250B10F-0EE2-4F75-8775-F81F293B5B9D}.Release|ARM64.ActiveCfg = Release|ARM64
		{A250B10F-0EE2-4F75-8775-F81F293B5B9D}.Release|ARM64.Build.0 = Release|ARM64
		{A250B10F-0EE2-4F75-8775-F81F293B5B9D}.Release|ARM64.Deploy.0 = Release|ARM64
		{A250B10F-0EE2-4F75-8775-F81F293B5B9D}.Release|x64.ActiveCfg = Release|x64
		{A250B10F-0EE2-4F75-8775-F81F293B5B9D}.Release|x64.Build.0 = Release|x64
		{A250B10F-0EE2-4F75-8775-F81F293B5B9D}.Release|x64.Deploy.0 = Release|x64
		{A250B10F-0EE2-4F75-8775-F81F293B5B9D}.Release|x86.ActiveCfg = Release|x86
		{A250B10F-0EE2-4F75-8775-F81F293B5B9D}.Release|x86.Build.0 = Release|x86
		{A250B10F-0EE2-4F75-8775-F81F293B5B9D}.Release|x86.Deploy.0 = Release|x86
		{14FE9A43-1A16-4CC4-9EF5-8F0E22EBB8C0}.Debug|Any CPU.ActiveCfg = Debug|Any CPU
		{14FE9A43-1A16-4CC4-9EF5-8F0E22EBB8C0}.Debug|Any CPU.Build.0 = Debug|Any CPU
		{14FE9A43-1A16-4CC4-9EF5-8F0E22EBB8C0}.Debug|ARM.ActiveCfg = Debug|Any CPU
		{14FE9A43-1A16-4CC4-9EF5-8F0E22EBB8C0}.Debug|ARM.Build.0 = Debug|Any CPU
		{14FE9A43-1A16-4CC4-9EF5-8F0E22EBB8C0}.Debug|ARM64.ActiveCfg = Debug|Any CPU
		{14FE9A43-1A16-4CC4-9EF5-8F0E22EBB8C0}.Debug|ARM64.Build.0 = Debug|Any CPU
		{14FE9A43-1A16-4CC4-9EF5-8F0E22EBB8C0}.Debug|x64.ActiveCfg = Debug|Any CPU
		{14FE9A43-1A16-4CC4-9EF5-8F0E22EBB8C0}.Debug|x64.Build.0 = Debug|Any CPU
		{14FE9A43-1A16-4CC4-9EF5-8F0E22EBB8C0}.Debug|x86.ActiveCfg = Debug|Any CPU
		{14FE9A43-1A16-4CC4-9EF5-8F0E22EBB8C0}.Debug|x86.Build.0 = Debug|Any CPU
		{14FE9A43-1A16-4CC4-9EF5-8F0E22EBB8C0}.Release|Any CPU.ActiveCfg = Release|Any CPU
		{14FE9A43-1A16-4CC4-9EF5-8F0E22EBB8C0}.Release|Any CPU.Build.0 = Release|Any CPU
		{14FE9A43-1A16-4CC4-9EF5-8F0E22EBB8C0}.Release|ARM.ActiveCfg = Release|Any CPU
		{14FE9A43-1A16-4CC4-9EF5-8F0E22EBB8C0}.Release|ARM.Build.0 = Release|Any CPU
		{14FE9A43-1A16-4CC4-9EF5-8F0E22EBB8C0}.Release|ARM64.ActiveCfg = Release|Any CPU
		{14FE9A43-1A16-4CC4-9EF5-8F0E22EBB8C0}.Release|ARM64.Build.0 = Release|Any CPU
		{14FE9A43-1A16-4CC4-9EF5-8F0E22EBB8C0}.Release|x64.ActiveCfg = Release|Any CPU
		{14FE9A43-1A16-4CC4-9EF5-8F0E22EBB8C0}.Release|x64.Build.0 = Release|Any CPU
		{14FE9A43-1A16-4CC4-9EF5-8F0E22EBB8C0}.Release|x86.ActiveCfg = Release|Any CPU
		{14FE9A43-1A16-4CC4-9EF5-8F0E22EBB8C0}.Release|x86.Build.0 = Release|Any CPU
		{CF270E5A-0959-4287-A28E-22CB9DECC263}.Debug|Any CPU.ActiveCfg = Debug|x86
		{CF270E5A-0959-4287-A28E-22CB9DECC263}.Debug|ARM.ActiveCfg = Debug|ARM
		{CF270E5A-0959-4287-A28E-22CB9DECC263}.Debug|ARM.Build.0 = Debug|ARM
		{CF270E5A-0959-4287-A28E-22CB9DECC263}.Debug|ARM.Deploy.0 = Debug|ARM
		{CF270E5A-0959-4287-A28E-22CB9DECC263}.Debug|ARM64.ActiveCfg = Debug|ARM64
		{CF270E5A-0959-4287-A28E-22CB9DECC263}.Debug|ARM64.Build.0 = Debug|ARM64
		{CF270E5A-0959-4287-A28E-22CB9DECC263}.Debug|ARM64.Deploy.0 = Debug|ARM64
		{CF270E5A-0959-4287-A28E-22CB9DECC263}.Debug|x64.ActiveCfg = Debug|x64
		{CF270E5A-0959-4287-A28E-22CB9DECC263}.Debug|x64.Build.0 = Debug|x64
		{CF270E5A-0959-4287-A28E-22CB9DECC263}.Debug|x64.Deploy.0 = Debug|x64
		{CF270E5A-0959-4287-A28E-22CB9DECC263}.Debug|x86.ActiveCfg = Debug|x86
		{CF270E5A-0959-4287-A28E-22CB9DECC263}.Debug|x86.Build.0 = Debug|x86
		{CF270E5A-0959-4287-A28E-22CB9DECC263}.Debug|x86.Deploy.0 = Debug|x86
		{CF270E5A-0959-4287-A28E-22CB9DECC263}.Release|Any CPU.ActiveCfg = Release|x86
		{CF270E5A-0959-4287-A28E-22CB9DECC263}.Release|ARM.ActiveCfg = Release|ARM
		{CF270E5A-0959-4287-A28E-22CB9DECC263}.Release|ARM.Build.0 = Release|ARM
		{CF270E5A-0959-4287-A28E-22CB9DECC263}.Release|ARM.Deploy.0 = Release|ARM
		{CF270E5A-0959-4287-A28E-22CB9DECC263}.Release|ARM64.ActiveCfg = Release|ARM64
		{CF270E5A-0959-4287-A28E-22CB9DECC263}.Release|ARM64.Build.0 = Release|ARM64
		{CF270E5A-0959-4287-A28E-22CB9DECC263}.Release|ARM64.Deploy.0 = Release|ARM64
		{CF270E5A-0959-4287-A28E-22CB9DECC263}.Release|x64.ActiveCfg = Release|x64
		{CF270E5A-0959-4287-A28E-22CB9DECC263}.Release|x64.Build.0 = Release|x64
		{CF270E5A-0959-4287-A28E-22CB9DECC263}.Release|x64.Deploy.0 = Release|x64
		{CF270E5A-0959-4287-A28E-22CB9DECC263}.Release|x86.ActiveCfg = Release|x86
		{CF270E5A-0959-4287-A28E-22CB9DECC263}.Release|x86.Build.0 = Release|x86
		{CF270E5A-0959-4287-A28E-22CB9DECC263}.Release|x86.Deploy.0 = Release|x86
		{4AE318ED-1137-4EB1-92C2-2EADA84964F2}.Debug|Any CPU.ActiveCfg = Debug|x86
		{4AE318ED-1137-4EB1-92C2-2EADA84964F2}.Debug|ARM.ActiveCfg = Debug|ARM
		{4AE318ED-1137-4EB1-92C2-2EADA84964F2}.Debug|ARM.Build.0 = Debug|ARM
		{4AE318ED-1137-4EB1-92C2-2EADA84964F2}.Debug|ARM.Deploy.0 = Debug|ARM
		{4AE318ED-1137-4EB1-92C2-2EADA84964F2}.Debug|ARM64.ActiveCfg = Debug|ARM64
		{4AE318ED-1137-4EB1-92C2-2EADA84964F2}.Debug|ARM64.Build.0 = Debug|ARM64
		{4AE318ED-1137-4EB1-92C2-2EADA84964F2}.Debug|ARM64.Deploy.0 = Debug|ARM64
		{4AE318ED-1137-4EB1-92C2-2EADA84964F2}.Debug|x64.ActiveCfg = Debug|x64
		{4AE318ED-1137-4EB1-92C2-2EADA84964F2}.Debug|x64.Build.0 = Debug|x64
		{4AE318ED-1137-4EB1-92C2-2EADA84964F2}.Debug|x64.Deploy.0 = Debug|x64
		{4AE318ED-1137-4EB1-92C2-2EADA84964F2}.Debug|x86.ActiveCfg = Debug|x86
		{4AE318ED-1137-4EB1-92C2-2EADA84964F2}.Debug|x86.Build.0 = Debug|x86
		{4AE318ED-1137-4EB1-92C2-2EADA84964F2}.Debug|x86.Deploy.0 = Debug|x86
		{4AE318ED-1137-4EB1-92C2-2EADA84964F2}.Release|Any CPU.ActiveCfg = Release|x86
		{4AE318ED-1137-4EB1-92C2-2EADA84964F2}.Release|ARM.ActiveCfg = Release|ARM
		{4AE318ED-1137-4EB1-92C2-2EADA84964F2}.Release|ARM.Build.0 = Release|ARM
		{4AE318ED-1137-4EB1-92C2-2EADA84964F2}.Release|ARM.Deploy.0 = Release|ARM
		{4AE318ED-1137-4EB1-92C2-2EADA84964F2}.Release|ARM64.ActiveCfg = Release|ARM64
		{4AE318ED-1137-4EB1-92C2-2EADA84964F2}.Release|ARM64.Build.0 = Release|ARM64
		{4AE318ED-1137-4EB1-92C2-2EADA84964F2}.Release|ARM64.Deploy.0 = Release|ARM64
		{4AE318ED-1137-4EB1-92C2-2EADA84964F2}.Release|x64.ActiveCfg = Release|x64
		{4AE318ED-1137-4EB1-92C2-2EADA84964F2}.Release|x64.Build.0 = Release|x64
		{4AE318ED-1137-4EB1-92C2-2EADA84964F2}.Release|x64.Deploy.0 = Release|x64
		{4AE318ED-1137-4EB1-92C2-2EADA84964F2}.Release|x86.ActiveCfg = Release|x86
		{4AE318ED-1137-4EB1-92C2-2EADA84964F2}.Release|x86.Build.0 = Release|x86
		{4AE318ED-1137-4EB1-92C2-2EADA84964F2}.Release|x86.Deploy.0 = Release|x86
		{1B0FBC66-6D0E-4F18-8C0E-BA016D4BC9B1}.Debug|Any CPU.ActiveCfg = Debug|Any CPU
		{1B0FBC66-6D0E-4F18-8C0E-BA016D4BC9B1}.Debug|Any CPU.Build.0 = Debug|Any CPU
		{1B0FBC66-6D0E-4F18-8C0E-BA016D4BC9B1}.Debug|ARM.ActiveCfg = Debug|Any CPU
		{1B0FBC66-6D0E-4F18-8C0E-BA016D4BC9B1}.Debug|ARM.Build.0 = Debug|Any CPU
		{1B0FBC66-6D0E-4F18-8C0E-BA016D4BC9B1}.Debug|ARM64.ActiveCfg = Debug|Any CPU
		{1B0FBC66-6D0E-4F18-8C0E-BA016D4BC9B1}.Debug|ARM64.Build.0 = Debug|Any CPU
		{1B0FBC66-6D0E-4F18-8C0E-BA016D4BC9B1}.Debug|x64.ActiveCfg = Debug|Any CPU
		{1B0FBC66-6D0E-4F18-8C0E-BA016D4BC9B1}.Debug|x64.Build.0 = Debug|Any CPU
		{1B0FBC66-6D0E-4F18-8C0E-BA016D4BC9B1}.Debug|x86.ActiveCfg = Debug|Any CPU
		{1B0FBC66-6D0E-4F18-8C0E-BA016D4BC9B1}.Debug|x86.Build.0 = Debug|Any CPU
		{1B0FBC66-6D0E-4F18-8C0E-BA016D4BC9B1}.Release|Any CPU.ActiveCfg = Release|Any CPU
		{1B0FBC66-6D0E-4F18-8C0E-BA016D4BC9B1}.Release|Any CPU.Build.0 = Release|Any CPU
		{1B0FBC66-6D0E-4F18-8C0E-BA016D4BC9B1}.Release|ARM.ActiveCfg = Release|Any CPU
		{1B0FBC66-6D0E-4F18-8C0E-BA016D4BC9B1}.Release|ARM.Build.0 = Release|Any CPU
		{1B0FBC66-6D0E-4F18-8C0E-BA016D4BC9B1}.Release|ARM64.ActiveCfg = Release|Any CPU
		{1B0FBC66-6D0E-4F18-8C0E-BA016D4BC9B1}.Release|ARM64.Build.0 = Release|Any CPU
		{1B0FBC66-6D0E-4F18-8C0E-BA016D4BC9B1}.Release|x64.ActiveCfg = Release|Any CPU
		{1B0FBC66-6D0E-4F18-8C0E-BA016D4BC9B1}.Release|x64.Build.0 = Release|Any CPU
		{1B0FBC66-6D0E-4F18-8C0E-BA016D4BC9B1}.Release|x86.ActiveCfg = Release|Any CPU
		{1B0FBC66-6D0E-4F18-8C0E-BA016D4BC9B1}.Release|x86.Build.0 = Release|Any CPU
	EndGlobalSection
	GlobalSection(SolutionProperties) = preSolution
		HideSolutionNode = FALSE
	EndGlobalSection
	GlobalSection(ExtensibilityGlobals) = postSolution
		SolutionGuid = {836E868B-A693-424A-993B-C26619628FCA}
	EndGlobalSection
EndGlobal
