
Microsoft Visual Studio Solution File, Format Version 12.00
# Visual Studio Version 16
VisualStudioVersion = 16.0.29326.143
MinimumVisualStudioVersion = 10.0.40219.1
Project("{FAE04EC0-301F-11D3-BF4B-00C04F79EFBC}") = "Sace_People", "Sace_People\Sace_People.csproj", "{E5BFA246-51C0-4752-AE72-61027554F24C}"
EndProject
Project("{FAE04EC0-301F-11D3-BF4B-00C04F79EFBC}") = "UseDebuger", "UseDebuger\UseDebuger.csproj", "{7F9546CA-4BEB-456E-A84A-24056040A3B9}"
EndProject
Project("{FAE04EC0-301F-11D3-BF4B-00C04F79EFBC}") = "Exercises(for,if,etc)", "Exercises(for,if,etc)\Exercises(for,if,etc).csproj", "{DDC90CC0-4607-4A1D-9C57-BBE4AC9DC1CF}"
EndProject
Project("{FAE04EC0-301F-11D3-BF4B-00C04F79EFBC}") = "MagnesWithCode(exercise)", "MagnesWithCode(exercise)\MagnesWithCode(exercise).csproj", "{9230DA7B-21D2-4F2C-ABE5-EFE4A9EC5BFB}"
EndProject
Global
	GlobalSection(SolutionConfigurationPlatforms) = preSolution
		Debug|ARM = Debug|ARM
		Debug|ARM64 = Debug|ARM64
		Debug|x64 = Debug|x64
		Debug|x86 = Debug|x86
		Release|ARM = Release|ARM
		Release|ARM64 = Release|ARM64
		Release|x64 = Release|x64
		Release|x86 = Release|x86
	EndGlobalSection
	GlobalSection(ProjectConfigurationPlatforms) = postSolution
		{E5BFA246-51C0-4752-AE72-61027554F24C}.Debug|ARM.ActiveCfg = Debug|ARM
		{E5BFA246-51C0-4752-AE72-61027554F24C}.Debug|ARM.Build.0 = Debug|ARM
		{E5BFA246-51C0-4752-AE72-61027554F24C}.Debug|ARM.Deploy.0 = Debug|ARM
		{E5BFA246-51C0-4752-AE72-61027554F24C}.Debug|ARM64.ActiveCfg = Debug|ARM64
		{E5BFA246-51C0-4752-AE72-61027554F24C}.Debug|ARM64.Build.0 = Debug|ARM64
		{E5BFA246-51C0-4752-AE72-61027554F24C}.Debug|ARM64.Deploy.0 = Debug|ARM64
		{E5BFA246-51C0-4752-AE72-61027554F24C}.Debug|x64.ActiveCfg = Debug|x64
		{E5BFA246-51C0-4752-AE72-61027554F24C}.Debug|x64.Build.0 = Debug|x64
		{E5BFA246-51C0-4752-AE72-61027554F24C}.Debug|x64.Deploy.0 = Debug|x64
		{E5BFA246-51C0-4752-AE72-61027554F24C}.Debug|x86.ActiveCfg = Debug|x86
		{E5BFA246-51C0-4752-AE72-61027554F24C}.Debug|x86.Build.0 = Debug|x86
		{E5BFA246-51C0-4752-AE72-61027554F24C}.Debug|x86.Deploy.0 = Debug|x86
		{E5BFA246-51C0-4752-AE72-61027554F24C}.Release|ARM.ActiveCfg = Release|ARM
		{E5BFA246-51C0-4752-AE72-61027554F24C}.Release|ARM.Build.0 = Release|ARM
		{E5BFA246-51C0-4752-AE72-61027554F24C}.Release|ARM.Deploy.0 = Release|ARM
		{E5BFA246-51C0-4752-AE72-61027554F24C}.Release|ARM64.ActiveCfg = Release|ARM64
		{E5BFA246-51C0-4752-AE72-61027554F24C}.Release|ARM64.Build.0 = Release|ARM64
		{E5BFA246-51C0-4752-AE72-61027554F24C}.Release|ARM64.Deploy.0 = Release|ARM64
		{E5BFA246-51C0-4752-AE72-61027554F24C}.Release|x64.ActiveCfg = Release|x64
		{E5BFA246-51C0-4752-AE72-61027554F24C}.Release|x64.Build.0 = Release|x64
		{E5BFA246-51C0-4752-AE72-61027554F24C}.Release|x64.Deploy.0 = Release|x64
		{E5BFA246-51C0-4752-AE72-61027554F24C}.Release|x86.ActiveCfg = Release|x86
		{E5BFA246-51C0-4752-AE72-61027554F24C}.Release|x86.Build.0 = Release|x86
		{E5BFA246-51C0-4752-AE72-61027554F24C}.Release|x86.Deploy.0 = Release|x86
		{7F9546CA-4BEB-456E-A84A-24056040A3B9}.Debug|ARM.ActiveCfg = Debug|ARM
		{7F9546CA-4BEB-456E-A84A-24056040A3B9}.Debug|ARM.Build.0 = Debug|ARM
		{7F9546CA-4BEB-456E-A84A-24056040A3B9}.Debug|ARM.Deploy.0 = Debug|ARM
		{7F9546CA-4BEB-456E-A84A-24056040A3B9}.Debug|ARM64.ActiveCfg = Debug|ARM64
		{7F9546CA-4BEB-456E-A84A-24056040A3B9}.Debug|ARM64.Build.0 = Debug|ARM64
		{7F9546CA-4BEB-456E-A84A-24056040A3B9}.Debug|ARM64.Deploy.0 = Debug|ARM64
		{7F9546CA-4BEB-456E-A84A-24056040A3B9}.Debug|x64.ActiveCfg = Debug|x64
		{7F9546CA-4BEB-456E-A84A-24056040A3B9}.Debug|x64.Build.0 = Debug|x64
		{7F9546CA-4BEB-456E-A84A-24056040A3B9}.Debug|x64.Deploy.0 = Debug|x64
		{7F9546CA-4BEB-456E-A84A-24056040A3B9}.Debug|x86.ActiveCfg = Debug|x86
		{7F9546CA-4BEB-456E-A84A-24056040A3B9}.Debug|x86.Build.0 = Debug|x86
		{7F9546CA-4BEB-456E-A84A-24056040A3B9}.Debug|x86.Deploy.0 = Debug|x86
		{7F9546CA-4BEB-456E-A84A-24056040A3B9}.Release|ARM.ActiveCfg = Release|ARM
		{7F9546CA-4BEB-456E-A84A-24056040A3B9}.Release|ARM.Build.0 = Release|ARM
		{7F9546CA-4BEB-456E-A84A-24056040A3B9}.Release|ARM.Deploy.0 = Release|ARM
		{7F9546CA-4BEB-456E-A84A-24056040A3B9}.Release|ARM64.ActiveCfg = Release|ARM64
		{7F9546CA-4BEB-456E-A84A-24056040A3B9}.Release|ARM64.Build.0 = Release|ARM64
		{7F9546CA-4BEB-456E-A84A-24056040A3B9}.Release|ARM64.Deploy.0 = Release|ARM64
		{7F9546CA-4BEB-456E-A84A-24056040A3B9}.Release|x64.ActiveCfg = Release|x64
		{7F9546CA-4BEB-456E-A84A-24056040A3B9}.Release|x64.Build.0 = Release|x64
		{7F9546CA-4BEB-456E-A84A-24056040A3B9}.Release|x64.Deploy.0 = Release|x64
		{7F9546CA-4BEB-456E-A84A-24056040A3B9}.Release|x86.ActiveCfg = Release|x86
		{7F9546CA-4BEB-456E-A84A-24056040A3B9}.Release|x86.Build.0 = Release|x86
		{7F9546CA-4BEB-456E-A84A-24056040A3B9}.Release|x86.Deploy.0 = Release|x86
		{DDC90CC0-4607-4A1D-9C57-BBE4AC9DC1CF}.Debug|ARM.ActiveCfg = Debug|ARM
		{DDC90CC0-4607-4A1D-9C57-BBE4AC9DC1CF}.Debug|ARM.Build.0 = Debug|ARM
		{DDC90CC0-4607-4A1D-9C57-BBE4AC9DC1CF}.Debug|ARM.Deploy.0 = Debug|ARM
		{DDC90CC0-4607-4A1D-9C57-BBE4AC9DC1CF}.Debug|ARM64.ActiveCfg = Debug|ARM64
		{DDC90CC0-4607-4A1D-9C57-BBE4AC9DC1CF}.Debug|ARM64.Build.0 = Debug|ARM64
		{DDC90CC0-4607-4A1D-9C57-BBE4AC9DC1CF}.Debug|ARM64.Deploy.0 = Debug|ARM64
		{DDC90CC0-4607-4A1D-9C57-BBE4AC9DC1CF}.Debug|x64.ActiveCfg = Debug|x64
		{DDC90CC0-4607-4A1D-9C57-BBE4AC9DC1CF}.Debug|x64.Build.0 = Debug|x64
		{DDC90CC0-4607-4A1D-9C57-BBE4AC9DC1CF}.Debug|x64.Deploy.0 = Debug|x64
		{DDC90CC0-4607-4A1D-9C57-BBE4AC9DC1CF}.Debug|x86.ActiveCfg = Debug|x86
		{DDC90CC0-4607-4A1D-9C57-BBE4AC9DC1CF}.Debug|x86.Build.0 = Debug|x86
		{DDC90CC0-4607-4A1D-9C57-BBE4AC9DC1CF}.Debug|x86.Deploy.0 = Debug|x86
		{DDC90CC0-4607-4A1D-9C57-BBE4AC9DC1CF}.Release|ARM.ActiveCfg = Release|ARM
		{DDC90CC0-4607-4A1D-9C57-BBE4AC9DC1CF}.Release|ARM.Build.0 = Release|ARM
		{DDC90CC0-4607-4A1D-9C57-BBE4AC9DC1CF}.Release|ARM.Deploy.0 = Release|ARM
		{DDC90CC0-4607-4A1D-9C57-BBE4AC9DC1CF}.Release|ARM64.ActiveCfg = Release|ARM64
		{DDC90CC0-4607-4A1D-9C57-BBE4AC9DC1CF}.Release|ARM64.Build.0 = Release|ARM64
		{DDC90CC0-4607-4A1D-9C57-BBE4AC9DC1CF}.Release|ARM64.Deploy.0 = Release|ARM64
		{DDC90CC0-4607-4A1D-9C57-BBE4AC9DC1CF}.Release|x64.ActiveCfg = Release|x64
		{DDC90CC0-4607-4A1D-9C57-BBE4AC9DC1CF}.Release|x64.Build.0 = Release|x64
		{DDC90CC0-4607-4A1D-9C57-BBE4AC9DC1CF}.Release|x64.Deploy.0 = Release|x64
		{DDC90CC0-4607-4A1D-9C57-BBE4AC9DC1CF}.Release|x86.ActiveCfg = Release|x86
		{DDC90CC0-4607-4A1D-9C57-BBE4AC9DC1CF}.Release|x86.Build.0 = Release|x86
		{DDC90CC0-4607-4A1D-9C57-BBE4AC9DC1CF}.Release|x86.Deploy.0 = Release|x86
		{9230DA7B-21D2-4F2C-ABE5-EFE4A9EC5BFB}.Debug|ARM.ActiveCfg = Debug|ARM
		{9230DA7B-21D2-4F2C-ABE5-EFE4A9EC5BFB}.Debug|ARM.Build.0 = Debug|ARM
		{9230DA7B-21D2-4F2C-ABE5-EFE4A9EC5BFB}.Debug|ARM.Deploy.0 = Debug|ARM
		{9230DA7B-21D2-4F2C-ABE5-EFE4A9EC5BFB}.Debug|ARM64.ActiveCfg = Debug|ARM64
		{9230DA7B-21D2-4F2C-ABE5-EFE4A9EC5BFB}.Debug|ARM64.Build.0 = Debug|ARM64
		{9230DA7B-21D2-4F2C-ABE5-EFE4A9EC5BFB}.Debug|ARM64.Deploy.0 = Debug|ARM64
		{9230DA7B-21D2-4F2C-ABE5-EFE4A9EC5BFB}.Debug|x64.ActiveCfg = Debug|x64
		{9230DA7B-21D2-4F2C-ABE5-EFE4A9EC5BFB}.Debug|x64.Build.0 = Debug|x64
		{9230DA7B-21D2-4F2C-ABE5-EFE4A9EC5BFB}.Debug|x64.Deploy.0 = Debug|x64
		{9230DA7B-21D2-4F2C-ABE5-EFE4A9EC5BFB}.Debug|x86.ActiveCfg = Debug|x86
		{9230DA7B-21D2-4F2C-ABE5-EFE4A9EC5BFB}.Debug|x86.Build.0 = Debug|x86
		{9230DA7B-21D2-4F2C-ABE5-EFE4A9EC5BFB}.Debug|x86.Deploy.0 = Debug|x86
		{9230DA7B-21D2-4F2C-ABE5-EFE4A9EC5BFB}.Release|ARM.ActiveCfg = Release|ARM
		{9230DA7B-21D2-4F2C-ABE5-EFE4A9EC5BFB}.Release|ARM.Build.0 = Release|ARM
		{9230DA7B-21D2-4F2C-ABE5-EFE4A9EC5BFB}.Release|ARM.Deploy.0 = Release|ARM
		{9230DA7B-21D2-4F2C-ABE5-EFE4A9EC5BFB}.Release|ARM64.ActiveCfg = Release|ARM64
		{9230DA7B-21D2-4F2C-ABE5-EFE4A9EC5BFB}.Release|ARM64.Build.0 = Release|ARM64
		{9230DA7B-21D2-4F2C-ABE5-EFE4A9EC5BFB}.Release|ARM64.Deploy.0 = Release|ARM64
		{9230DA7B-21D2-4F2C-ABE5-EFE4A9EC5BFB}.Release|x64.ActiveCfg = Release|x64
		{9230DA7B-21D2-4F2C-ABE5-EFE4A9EC5BFB}.Release|x64.Build.0 = Release|x64
		{9230DA7B-21D2-4F2C-ABE5-EFE4A9EC5BFB}.Release|x64.Deploy.0 = Release|x64
		{9230DA7B-21D2-4F2C-ABE5-EFE4A9EC5BFB}.Release|x86.ActiveCfg = Release|x86
		{9230DA7B-21D2-4F2C-ABE5-EFE4A9EC5BFB}.Release|x86.Build.0 = Release|x86
		{9230DA7B-21D2-4F2C-ABE5-EFE4A9EC5BFB}.Release|x86.Deploy.0 = Release|x86
	EndGlobalSection
	GlobalSection(SolutionProperties) = preSolution
		HideSolutionNode = FALSE
	EndGlobalSection
	GlobalSection(ExtensibilityGlobals) = postSolution
		SolutionGuid = {836E868B-A693-424A-993B-C26619628FCA}
	EndGlobalSection
EndGlobal
